// !$*UTF8*$!
{
	archiveVersion = 1;
	classes = {
	};
	objectVersion = 56;
	objects = {

/* Begin PBXBuildFile section */
		E188A9B52C34C4520031EC04 /* AppState.swift in Sources */ = {isa = PBXBuildFile; fileRef = E188A9B42C34C4520031EC04 /* AppState.swift */; };
		E19FCAAB2C1F4F5400732192 /* NetworkError.swift in Sources */ = {isa = PBXBuildFile; fileRef = E19FCAAA2C1F4F5400732192 /* NetworkError.swift */; };
		E19FCAAD2C1F4FC800732192 /* NetworkRequest.swift in Sources */ = {isa = PBXBuildFile; fileRef = E19FCAAC2C1F4FC800732192 /* NetworkRequest.swift */; };
		E19FCAAF2C1F99A500732192 /* NetworkManager.swift in Sources */ = {isa = PBXBuildFile; fileRef = E19FCAAE2C1F99A500732192 /* NetworkManager.swift */; };
		E19FCAB12C1F9B5400732192 /* NetworkManager+Extensions.swift in Sources */ = {isa = PBXBuildFile; fileRef = E19FCAB02C1F9B5400732192 /* NetworkManager+Extensions.swift */; };
		E19FCAB32C2101DB00732192 /* ViewTabA.swift in Sources */ = {isa = PBXBuildFile; fileRef = E19FCAB22C2101DB00732192 /* ViewTabA.swift */; };
		E19FCAB52C2102D200732192 /* Font+Extensions.swift in Sources */ = {isa = PBXBuildFile; fileRef = E19FCAB42C2102D200732192 /* Font+Extensions.swift */; };
		E19FCAB72C2104AD00732192 /* Color+Extensions.swift in Sources */ = {isa = PBXBuildFile; fileRef = E19FCAB62C2104AD00732192 /* Color+Extensions.swift */; };
		E19FCAB92C210D2300732192 /* TabBRouter.swift in Sources */ = {isa = PBXBuildFile; fileRef = E19FCAB82C210D2300732192 /* TabBRouter.swift */; };
		E19FCABC2C23ABE500732192 /* TabBView.swift in Sources */ = {isa = PBXBuildFile; fileRef = E19FCABB2C23ABE500732192 /* TabBView.swift */; };
		E19FCABE2C23B3A500732192 /* TabAView.swift in Sources */ = {isa = PBXBuildFile; fileRef = E19FCABD2C23B3A500732192 /* TabAView.swift */; };
		E19FCAC02C23B9AF00732192 /* PresentedSheet.swift in Sources */ = {isa = PBXBuildFile; fileRef = E19FCABF2C23B9AF00732192 /* PresentedSheet.swift */; };
		E19FCAC42C24EF1F00732192 /* TabCRouter.swift in Sources */ = {isa = PBXBuildFile; fileRef = E19FCAC32C24EF1F00732192 /* TabCRouter.swift */; };
		E19FCAC62C24EFAA00732192 /* InboxNavigationProtocol.swift in Sources */ = {isa = PBXBuildFile; fileRef = E19FCAC52C24EFAA00732192 /* InboxNavigationProtocol.swift */; };
		E19FCAC82C24F15F00732192 /* InboxView.swift in Sources */ = {isa = PBXBuildFile; fileRef = E19FCAC72C24F15F00732192 /* InboxView.swift */; };
		E19FCACA2C24F1BC00732192 /* ChatView.swift in Sources */ = {isa = PBXBuildFile; fileRef = E19FCAC92C24F1BC00732192 /* ChatView.swift */; };
		E19FCACC2C24F1DC00732192 /* TabC.swift in Sources */ = {isa = PBXBuildFile; fileRef = E19FCACB2C24F1DC00732192 /* TabC.swift */; };
		E19FCACE2C2A34A100732192 /* TabDRouter.swift in Sources */ = {isa = PBXBuildFile; fileRef = E19FCACD2C2A34A100732192 /* TabDRouter.swift */; };
		E19FCAD02C2A352400732192 /* TabDView.swift in Sources */ = {isa = PBXBuildFile; fileRef = E19FCACF2C2A352400732192 /* TabDView.swift */; };
		E19FCAD22C2A436800732192 /* DeeplinkManager.swift in Sources */ = {isa = PBXBuildFile; fileRef = E19FCAD12C2A436800732192 /* DeeplinkManager.swift */; };
		E1B675002C0CAB25003D491D /* ProjetoCuscoApp.swift in Sources */ = {isa = PBXBuildFile; fileRef = E1B674FF2C0CAB25003D491D /* ProjetoCuscoApp.swift */; };
		E1B675022C0CAB25003D491D /* ContentView.swift in Sources */ = {isa = PBXBuildFile; fileRef = E1B675012C0CAB25003D491D /* ContentView.swift */; };
		E1B675042C0CAB26003D491D /* Assets.xcassets in Resources */ = {isa = PBXBuildFile; fileRef = E1B675032C0CAB26003D491D /* Assets.xcassets */; };
		E1B675072C0CAB26003D491D /* Preview Assets.xcassets in Resources */ = {isa = PBXBuildFile; fileRef = E1B675062C0CAB26003D491D /* Preview Assets.xcassets */; };
		E1B6750F2C0CB05B003D491D /* .swiftlint.yml in Resources */ = {isa = PBXBuildFile; fileRef = E1B6750E2C0CB05B003D491D /* .swiftlint.yml */; };
		E1B675132C0CE75E003D491D /* Localizable.xcstrings in Resources */ = {isa = PBXBuildFile; fileRef = E1B675122C0CE75E003D491D /* Localizable.xcstrings */; };
		E1B6751E2C0E8462003D491D /* FirebaseAnalytics in Frameworks */ = {isa = PBXBuildFile; productRef = E1B6751D2C0E8462003D491D /* FirebaseAnalytics */; };
		E1B675202C0E8462003D491D /* FirebaseAnalyticsOnDeviceConversion in Frameworks */ = {isa = PBXBuildFile; productRef = E1B6751F2C0E8462003D491D /* FirebaseAnalyticsOnDeviceConversion */; };
		E1B675222C0E8462003D491D /* FirebaseAnalyticsSwift in Frameworks */ = {isa = PBXBuildFile; productRef = E1B675212C0E8462003D491D /* FirebaseAnalyticsSwift */; };
		E1B675242C0E8462003D491D /* FirebaseAnalyticsWithoutAdIdSupport in Frameworks */ = {isa = PBXBuildFile; productRef = E1B675232C0E8462003D491D /* FirebaseAnalyticsWithoutAdIdSupport */; };
		E1B675262C0E8462003D491D /* FirebaseAppCheck in Frameworks */ = {isa = PBXBuildFile; productRef = E1B675252C0E8462003D491D /* FirebaseAppCheck */; };
		E1B675282C0E8462003D491D /* FirebaseAppDistribution-Beta in Frameworks */ = {isa = PBXBuildFile; productRef = E1B675272C0E8462003D491D /* FirebaseAppDistribution-Beta */; };
		E1B6752A2C0E8462003D491D /* FirebaseAuth in Frameworks */ = {isa = PBXBuildFile; productRef = E1B675292C0E8462003D491D /* FirebaseAuth */; };
		E1B6752C2C0E8462003D491D /* FirebaseAuthCombine-Community in Frameworks */ = {isa = PBXBuildFile; productRef = E1B6752B2C0E8462003D491D /* FirebaseAuthCombine-Community */; };
		E1B6752E2C0E8462003D491D /* FirebaseCrashlytics in Frameworks */ = {isa = PBXBuildFile; productRef = E1B6752D2C0E8462003D491D /* FirebaseCrashlytics */; };
		E1B675302C0E8462003D491D /* FirebaseDatabase in Frameworks */ = {isa = PBXBuildFile; productRef = E1B6752F2C0E8462003D491D /* FirebaseDatabase */; };
		E1B675322C0E8462003D491D /* FirebaseDatabaseSwift in Frameworks */ = {isa = PBXBuildFile; productRef = E1B675312C0E8462003D491D /* FirebaseDatabaseSwift */; };
		E1B675342C0E8462003D491D /* FirebaseDynamicLinks in Frameworks */ = {isa = PBXBuildFile; productRef = E1B675332C0E8462003D491D /* FirebaseDynamicLinks */; };
		E1B675362C0E8462003D491D /* FirebaseFirestore in Frameworks */ = {isa = PBXBuildFile; productRef = E1B675352C0E8462003D491D /* FirebaseFirestore */; };
		E1B675382C0E8462003D491D /* FirebaseFirestoreCombine-Community in Frameworks */ = {isa = PBXBuildFile; productRef = E1B675372C0E8462003D491D /* FirebaseFirestoreCombine-Community */; };
		E1B6753A2C0E8462003D491D /* FirebaseFirestoreSwift in Frameworks */ = {isa = PBXBuildFile; productRef = E1B675392C0E8462003D491D /* FirebaseFirestoreSwift */; };
		E1B6753C2C0E8462003D491D /* FirebaseFunctions in Frameworks */ = {isa = PBXBuildFile; productRef = E1B6753B2C0E8462003D491D /* FirebaseFunctions */; };
		E1B6753E2C0E8462003D491D /* FirebaseFunctionsCombine-Community in Frameworks */ = {isa = PBXBuildFile; productRef = E1B6753D2C0E8462003D491D /* FirebaseFunctionsCombine-Community */; };
		E1B675402C0E8462003D491D /* FirebaseInAppMessaging-Beta in Frameworks */ = {isa = PBXBuildFile; productRef = E1B6753F2C0E8462003D491D /* FirebaseInAppMessaging-Beta */; };
		E1B675422C0E8462003D491D /* FirebaseInAppMessagingSwift-Beta in Frameworks */ = {isa = PBXBuildFile; productRef = E1B675412C0E8462003D491D /* FirebaseInAppMessagingSwift-Beta */; };
		E1B675442C0E8462003D491D /* FirebaseInstallations in Frameworks */ = {isa = PBXBuildFile; productRef = E1B675432C0E8462003D491D /* FirebaseInstallations */; };
		E1B675462C0E8462003D491D /* FirebaseMLModelDownloader in Frameworks */ = {isa = PBXBuildFile; productRef = E1B675452C0E8462003D491D /* FirebaseMLModelDownloader */; };
		E1B675482C0E8462003D491D /* FirebaseMessaging in Frameworks */ = {isa = PBXBuildFile; productRef = E1B675472C0E8462003D491D /* FirebaseMessaging */; };
		E1B6754A2C0E8462003D491D /* FirebasePerformance in Frameworks */ = {isa = PBXBuildFile; productRef = E1B675492C0E8462003D491D /* FirebasePerformance */; };
		E1B6754C2C0E8462003D491D /* FirebaseRemoteConfig in Frameworks */ = {isa = PBXBuildFile; productRef = E1B6754B2C0E8462003D491D /* FirebaseRemoteConfig */; };
		E1B6754E2C0E8462003D491D /* FirebaseRemoteConfigSwift in Frameworks */ = {isa = PBXBuildFile; productRef = E1B6754D2C0E8462003D491D /* FirebaseRemoteConfigSwift */; };
		E1B675502C0E8462003D491D /* FirebaseStorage in Frameworks */ = {isa = PBXBuildFile; productRef = E1B6754F2C0E8462003D491D /* FirebaseStorage */; };
		E1B675522C0E8462003D491D /* FirebaseStorageCombine-Community in Frameworks */ = {isa = PBXBuildFile; productRef = E1B675512C0E8462003D491D /* FirebaseStorageCombine-Community */; };
		E1B675542C0E8462003D491D /* FirebaseVertexAI-Preview in Frameworks */ = {isa = PBXBuildFile; productRef = E1B675532C0E8462003D491D /* FirebaseVertexAI-Preview */; };
		E1B675582C0FD9DC003D491D /* GoogleService-Info.plist in Resources */ = {isa = PBXBuildFile; fileRef = E1B675572C0FD9DC003D491D /* GoogleService-Info.plist */; };
		E1B6755A2C0FE2CB003D491D /* .gitignore in Resources */ = {isa = PBXBuildFile; fileRef = E1B675592C0FE2CB003D491D /* .gitignore */; };
		E1B6755D2C11295F003D491D /* AppRouter.swift in Sources */ = {isa = PBXBuildFile; fileRef = E1B6755C2C11295F003D491D /* AppRouter.swift */; };
		E1B675602C11337B003D491D /* EnvironmentValues+Extensions.swift in Sources */ = {isa = PBXBuildFile; fileRef = E1B6755F2C11337B003D491D /* EnvironmentValues+Extensions.swift */; };
		E1B675622C126F0E003D491D /* BaseRouter.swift in Sources */ = {isa = PBXBuildFile; fileRef = E1B675612C126F0E003D491D /* BaseRouter.swift */; };
		E1B675642C126FC1003D491D /* RouterDestination.swift in Sources */ = {isa = PBXBuildFile; fileRef = E1B675632C126FC1003D491D /* RouterDestination.swift */; };
		E1B675662C12714A003D491D /* RouterDestinationDecoder.swift in Sources */ = {isa = PBXBuildFile; fileRef = E1B675652C12714A003D491D /* RouterDestinationDecoder.swift */; };
		E1B675682C1271B7003D491D /* CodingUserInfoKey+Extensions.swift in Sources */ = {isa = PBXBuildFile; fileRef = E1B675672C1271B7003D491D /* CodingUserInfoKey+Extensions.swift */; };
		E1B6756C2C12790F003D491D /* View+Extensions.swift in Sources */ = {isa = PBXBuildFile; fileRef = E1B6756B2C12790F003D491D /* View+Extensions.swift */; };
		E1B6756E2C127A98003D491D /* CGFloat+Extensions.swift in Sources */ = {isa = PBXBuildFile; fileRef = E1B6756D2C127A98003D491D /* CGFloat+Extensions.swift */; };
		E1B675722C128145003D491D /* Launch Screen.storyboard in Resources */ = {isa = PBXBuildFile; fileRef = E1B675712C128145003D491D /* Launch Screen.storyboard */; };
		E1B675762C149F82003D491D /* TabARouter.swift in Sources */ = {isa = PBXBuildFile; fileRef = E1B675752C149F82003D491D /* TabARouter.swift */; };
		E1ED456F2C2A5AA500B3D044 /* AppTheme.swift in Sources */ = {isa = PBXBuildFile; fileRef = E1ED456E2C2A5AA500B3D044 /* AppTheme.swift */; };
		E1ED45752C2A5F5000B3D044 /* KeyChain.swift in Sources */ = {isa = PBXBuildFile; fileRef = E1ED45742C2A5F5000B3D044 /* KeyChain.swift */; };
		E1ED45782C2B81F800B3D044 /* WelcomeSheet in Frameworks */ = {isa = PBXBuildFile; productRef = E1ED45772C2B81F800B3D044 /* WelcomeSheet */; };
		E1ED457C2C2B98C000B3D044 /* OnboardingData.swift in Sources */ = {isa = PBXBuildFile; fileRef = E1ED457B2C2B98C000B3D044 /* OnboardingData.swift */; };
		E1ED457E2C2B991600B3D044 /* OnBoardingView.swift in Sources */ = {isa = PBXBuildFile; fileRef = E1ED457D2C2B991600B3D044 /* OnBoardingView.swift */; };
		E1ED45802C2B993900B3D044 /* OnboardingTabView.swift in Sources */ = {isa = PBXBuildFile; fileRef = E1ED457F2C2B993900B3D044 /* OnboardingTabView.swift */; };
		E1ED45842C2B9B4C00B3D044 /* OnboardingButton.swift in Sources */ = {isa = PBXBuildFile; fileRef = E1ED45832C2B9B4C00B3D044 /* OnboardingButton.swift */; };
/* End PBXBuildFile section */

/* Begin PBXFileReference section */
		E188A9B42C34C4520031EC04 /* AppState.swift */ = {isa = PBXFileReference; lastKnownFileType = sourcecode.swift; path = AppState.swift; sourceTree = "<group>"; };
		E19FCAAA2C1F4F5400732192 /* NetworkError.swift */ = {isa = PBXFileReference; lastKnownFileType = sourcecode.swift; path = NetworkError.swift; sourceTree = "<group>"; };
		E19FCAAC2C1F4FC800732192 /* NetworkRequest.swift */ = {isa = PBXFileReference; lastKnownFileType = sourcecode.swift; path = NetworkRequest.swift; sourceTree = "<group>"; };
		E19FCAAE2C1F99A500732192 /* NetworkManager.swift */ = {isa = PBXFileReference; lastKnownFileType = sourcecode.swift; path = NetworkManager.swift; sourceTree = "<group>"; };
		E19FCAB02C1F9B5400732192 /* NetworkManager+Extensions.swift */ = {isa = PBXFileReference; lastKnownFileType = sourcecode.swift; path = "NetworkManager+Extensions.swift"; sourceTree = "<group>"; };
		E19FCAB22C2101DB00732192 /* ViewTabA.swift */ = {isa = PBXFileReference; lastKnownFileType = sourcecode.swift; path = ViewTabA.swift; sourceTree = "<group>"; };
		E19FCAB42C2102D200732192 /* Font+Extensions.swift */ = {isa = PBXFileReference; lastKnownFileType = sourcecode.swift; path = "Font+Extensions.swift"; sourceTree = "<group>"; };
		E19FCAB62C2104AD00732192 /* Color+Extensions.swift */ = {isa = PBXFileReference; lastKnownFileType = sourcecode.swift; path = "Color+Extensions.swift"; sourceTree = "<group>"; };
		E19FCAB82C210D2300732192 /* TabBRouter.swift */ = {isa = PBXFileReference; lastKnownFileType = sourcecode.swift; path = TabBRouter.swift; sourceTree = "<group>"; };
		E19FCABB2C23ABE500732192 /* TabBView.swift */ = {isa = PBXFileReference; lastKnownFileType = sourcecode.swift; path = TabBView.swift; sourceTree = "<group>"; };
		E19FCABD2C23B3A500732192 /* TabAView.swift */ = {isa = PBXFileReference; lastKnownFileType = sourcecode.swift; path = TabAView.swift; sourceTree = "<group>"; };
		E19FCABF2C23B9AF00732192 /* PresentedSheet.swift */ = {isa = PBXFileReference; lastKnownFileType = sourcecode.swift; path = PresentedSheet.swift; sourceTree = "<group>"; };
		E19FCAC32C24EF1F00732192 /* TabCRouter.swift */ = {isa = PBXFileReference; lastKnownFileType = sourcecode.swift; path = TabCRouter.swift; sourceTree = "<group>"; };
		E19FCAC52C24EFAA00732192 /* InboxNavigationProtocol.swift */ = {isa = PBXFileReference; lastKnownFileType = sourcecode.swift; path = InboxNavigationProtocol.swift; sourceTree = "<group>"; };
		E19FCAC72C24F15F00732192 /* InboxView.swift */ = {isa = PBXFileReference; lastKnownFileType = sourcecode.swift; path = InboxView.swift; sourceTree = "<group>"; };
		E19FCAC92C24F1BC00732192 /* ChatView.swift */ = {isa = PBXFileReference; lastKnownFileType = sourcecode.swift; path = ChatView.swift; sourceTree = "<group>"; };
		E19FCACB2C24F1DC00732192 /* TabC.swift */ = {isa = PBXFileReference; lastKnownFileType = sourcecode.swift; path = TabC.swift; sourceTree = "<group>"; };
		E19FCACD2C2A34A100732192 /* TabDRouter.swift */ = {isa = PBXFileReference; lastKnownFileType = sourcecode.swift; path = TabDRouter.swift; sourceTree = "<group>"; };
		E19FCACF2C2A352400732192 /* TabDView.swift */ = {isa = PBXFileReference; lastKnownFileType = sourcecode.swift; path = TabDView.swift; sourceTree = "<group>"; };
		E19FCAD12C2A436800732192 /* DeeplinkManager.swift */ = {isa = PBXFileReference; lastKnownFileType = sourcecode.swift; path = DeeplinkManager.swift; sourceTree = "<group>"; };
		E1B674FC2C0CAB25003D491D /* ProjetoCusco.app */ = {isa = PBXFileReference; explicitFileType = wrapper.application; includeInIndex = 0; path = ProjetoCusco.app; sourceTree = BUILT_PRODUCTS_DIR; };
		E1B674FF2C0CAB25003D491D /* ProjetoCuscoApp.swift */ = {isa = PBXFileReference; lastKnownFileType = sourcecode.swift; path = ProjetoCuscoApp.swift; sourceTree = "<group>"; };
		E1B675012C0CAB25003D491D /* ContentView.swift */ = {isa = PBXFileReference; lastKnownFileType = sourcecode.swift; path = ContentView.swift; sourceTree = "<group>"; };
		E1B675032C0CAB26003D491D /* Assets.xcassets */ = {isa = PBXFileReference; lastKnownFileType = folder.assetcatalog; path = Assets.xcassets; sourceTree = "<group>"; };
		E1B675062C0CAB26003D491D /* Preview Assets.xcassets */ = {isa = PBXFileReference; lastKnownFileType = folder.assetcatalog; path = "Preview Assets.xcassets"; sourceTree = "<group>"; };
		E1B6750E2C0CB05B003D491D /* .swiftlint.yml */ = {isa = PBXFileReference; fileEncoding = 4; lastKnownFileType = text.yaml; path = .swiftlint.yml; sourceTree = SOURCE_ROOT; };
		E1B675122C0CE75E003D491D /* Localizable.xcstrings */ = {isa = PBXFileReference; lastKnownFileType = text.json.xcstrings; path = Localizable.xcstrings; sourceTree = "<group>"; };
		E1B675572C0FD9DC003D491D /* GoogleService-Info.plist */ = {isa = PBXFileReference; fileEncoding = 4; lastKnownFileType = text.plist.xml; path = "GoogleService-Info.plist"; sourceTree = "<group>"; };
		E1B675592C0FE2CB003D491D /* .gitignore */ = {isa = PBXFileReference; fileEncoding = 4; lastKnownFileType = text; path = .gitignore; sourceTree = "<group>"; };
		E1B6755C2C11295F003D491D /* AppRouter.swift */ = {isa = PBXFileReference; lastKnownFileType = sourcecode.swift; path = AppRouter.swift; sourceTree = "<group>"; };
		E1B6755F2C11337B003D491D /* EnvironmentValues+Extensions.swift */ = {isa = PBXFileReference; lastKnownFileType = sourcecode.swift; path = "EnvironmentValues+Extensions.swift"; sourceTree = "<group>"; };
		E1B675612C126F0E003D491D /* BaseRouter.swift */ = {isa = PBXFileReference; lastKnownFileType = sourcecode.swift; path = BaseRouter.swift; sourceTree = "<group>"; };
		E1B675632C126FC1003D491D /* RouterDestination.swift */ = {isa = PBXFileReference; lastKnownFileType = sourcecode.swift; path = RouterDestination.swift; sourceTree = "<group>"; };
		E1B675652C12714A003D491D /* RouterDestinationDecoder.swift */ = {isa = PBXFileReference; lastKnownFileType = sourcecode.swift; path = RouterDestinationDecoder.swift; sourceTree = "<group>"; };
		E1B675672C1271B7003D491D /* CodingUserInfoKey+Extensions.swift */ = {isa = PBXFileReference; lastKnownFileType = sourcecode.swift; path = "CodingUserInfoKey+Extensions.swift"; sourceTree = "<group>"; };
		E1B6756B2C12790F003D491D /* View+Extensions.swift */ = {isa = PBXFileReference; lastKnownFileType = sourcecode.swift; path = "View+Extensions.swift"; sourceTree = "<group>"; };
		E1B6756D2C127A98003D491D /* CGFloat+Extensions.swift */ = {isa = PBXFileReference; lastKnownFileType = sourcecode.swift; path = "CGFloat+Extensions.swift"; sourceTree = "<group>"; };
		E1B675712C128145003D491D /* Launch Screen.storyboard */ = {isa = PBXFileReference; lastKnownFileType = file.storyboard; path = "Launch Screen.storyboard"; sourceTree = "<group>"; };
		E1B675752C149F82003D491D /* TabARouter.swift */ = {isa = PBXFileReference; lastKnownFileType = sourcecode.swift; path = TabARouter.swift; sourceTree = "<group>"; };
		E1ED456E2C2A5AA500B3D044 /* AppTheme.swift */ = {isa = PBXFileReference; lastKnownFileType = sourcecode.swift; path = AppTheme.swift; sourceTree = "<group>"; };
		E1ED45742C2A5F5000B3D044 /* KeyChain.swift */ = {isa = PBXFileReference; lastKnownFileType = sourcecode.swift; path = KeyChain.swift; sourceTree = "<group>"; };
		E1ED457B2C2B98C000B3D044 /* OnboardingData.swift */ = {isa = PBXFileReference; lastKnownFileType = sourcecode.swift; path = OnboardingData.swift; sourceTree = "<group>"; };
		E1ED457D2C2B991600B3D044 /* OnBoardingView.swift */ = {isa = PBXFileReference; lastKnownFileType = sourcecode.swift; path = OnBoardingView.swift; sourceTree = "<group>"; };
		E1ED457F2C2B993900B3D044 /* OnboardingTabView.swift */ = {isa = PBXFileReference; lastKnownFileType = sourcecode.swift; path = OnboardingTabView.swift; sourceTree = "<group>"; };
		E1ED45832C2B9B4C00B3D044 /* OnboardingButton.swift */ = {isa = PBXFileReference; lastKnownFileType = sourcecode.swift; path = OnboardingButton.swift; sourceTree = "<group>"; };
/* End PBXFileReference section */

/* Begin PBXFrameworksBuildPhase section */
		E1B674F92C0CAB25003D491D /* Frameworks */ = {
			isa = PBXFrameworksBuildPhase;
			buildActionMask = 2147483647;
			files = (
				E1B675302C0E8462003D491D /* FirebaseDatabase in Frameworks */,
				E1B6753E2C0E8462003D491D /* FirebaseFunctionsCombine-Community in Frameworks */,
				E1B675362C0E8462003D491D /* FirebaseFirestore in Frameworks */,
				E1B675222C0E8462003D491D /* FirebaseAnalyticsSwift in Frameworks */,
				E1B6751E2C0E8462003D491D /* FirebaseAnalytics in Frameworks */,
				E1B675202C0E8462003D491D /* FirebaseAnalyticsOnDeviceConversion in Frameworks */,
				E1B675462C0E8462003D491D /* FirebaseMLModelDownloader in Frameworks */,
				E1ED45782C2B81F800B3D044 /* WelcomeSheet in Frameworks */,
				E1B6753A2C0E8462003D491D /* FirebaseFirestoreSwift in Frameworks */,
				E1B675262C0E8462003D491D /* FirebaseAppCheck in Frameworks */,
				E1B675242C0E8462003D491D /* FirebaseAnalyticsWithoutAdIdSupport in Frameworks */,
				E1B6752A2C0E8462003D491D /* FirebaseAuth in Frameworks */,
				E1B6752E2C0E8462003D491D /* FirebaseCrashlytics in Frameworks */,
				E1B6754E2C0E8462003D491D /* FirebaseRemoteConfigSwift in Frameworks */,
				E1B675402C0E8462003D491D /* FirebaseInAppMessaging-Beta in Frameworks */,
				E1B675322C0E8462003D491D /* FirebaseDatabaseSwift in Frameworks */,
				E1B6753C2C0E8462003D491D /* FirebaseFunctions in Frameworks */,
				E1B675522C0E8462003D491D /* FirebaseStorageCombine-Community in Frameworks */,
				E1B6754C2C0E8462003D491D /* FirebaseRemoteConfig in Frameworks */,
				E1B675282C0E8462003D491D /* FirebaseAppDistribution-Beta in Frameworks */,
				E1B6752C2C0E8462003D491D /* FirebaseAuthCombine-Community in Frameworks */,
				E1B6754A2C0E8462003D491D /* FirebasePerformance in Frameworks */,
				E1B675422C0E8462003D491D /* FirebaseInAppMessagingSwift-Beta in Frameworks */,
				E1B675502C0E8462003D491D /* FirebaseStorage in Frameworks */,
				E1B675342C0E8462003D491D /* FirebaseDynamicLinks in Frameworks */,
				E1B675542C0E8462003D491D /* FirebaseVertexAI-Preview in Frameworks */,
				E1B675382C0E8462003D491D /* FirebaseFirestoreCombine-Community in Frameworks */,
				E1B675482C0E8462003D491D /* FirebaseMessaging in Frameworks */,
				E1B675442C0E8462003D491D /* FirebaseInstallations in Frameworks */,
			);
			runOnlyForDeploymentPostprocessing = 0;
		};
/* End PBXFrameworksBuildPhase section */

/* Begin PBXGroup section */
		E188A9B32C34C4450031EC04 /* Base */ = {
			isa = PBXGroup;
			children = (
				E188A9B42C34C4520031EC04 /* AppState.swift */,
			);
			path = Base;
			sourceTree = "<group>";
		};
		E19FCAA72C1A837300732192 /* Networking */ = {
			isa = PBXGroup;
			children = (
				E19FCAAC2C1F4FC800732192 /* NetworkRequest.swift */,
				E19FCAAA2C1F4F5400732192 /* NetworkError.swift */,
				E19FCAAE2C1F99A500732192 /* NetworkManager.swift */,
				E19FCAB02C1F9B5400732192 /* NetworkManager+Extensions.swift */,
			);
			path = Networking;
			sourceTree = "<group>";
		};
		E19FCAA82C1A838D00732192 /* Themes */ = {
			isa = PBXGroup;
			children = (
				E1ED456E2C2A5AA500B3D044 /* AppTheme.swift */,
			);
			path = Themes;
			sourceTree = "<group>";
		};
		E19FCAA92C1BA6D800732192 /* Onboarding */ = {
			isa = PBXGroup;
			children = (
				E1ED45832C2B9B4C00B3D044 /* OnboardingButton.swift */,
				E1ED457F2C2B993900B3D044 /* OnboardingTabView.swift */,
				E1ED457D2C2B991600B3D044 /* OnBoardingView.swift */,
				E1ED457B2C2B98C000B3D044 /* OnboardingData.swift */,
			);
			path = Onboarding;
			sourceTree = "<group>";
		};
		E19FCABA2C23ABAA00732192 /* TabB */ = {
			isa = PBXGroup;
			children = (
				E19FCAB82C210D2300732192 /* TabBRouter.swift */,
				E19FCABB2C23ABE500732192 /* TabBView.swift */,
			);
			path = TabB;
			sourceTree = "<group>";
		};
		E19FCAC12C24EE8700732192 /* TabC */ = {
			isa = PBXGroup;
			children = (
				E19FCAC92C24F1BC00732192 /* ChatView.swift */,
				E19FCAC52C24EFAA00732192 /* InboxNavigationProtocol.swift */,
				E19FCAC72C24F15F00732192 /* InboxView.swift */,
				E19FCACB2C24F1DC00732192 /* TabC.swift */,
				E19FCAC32C24EF1F00732192 /* TabCRouter.swift */,
			);
			path = TabC;
			sourceTree = "<group>";
		};
		E19FCAC22C24EE9000732192 /* TabD */ = {
			isa = PBXGroup;
			children = (
				E19FCACF2C2A352400732192 /* TabDView.swift */,
				E19FCACD2C2A34A100732192 /* TabDRouter.swift */,
			);
			path = TabD;
			sourceTree = "<group>";
		};
		E1B674F32C0CAB25003D491D = {
			isa = PBXGroup;
			children = (
				E1B675572C0FD9DC003D491D /* GoogleService-Info.plist */,
				E1B675592C0FE2CB003D491D /* .gitignore */,
				E1B6750E2C0CB05B003D491D /* .swiftlint.yml */,
				E1B674FE2C0CAB25003D491D /* ProjetoCusco */,
				E1B674FD2C0CAB25003D491D /* Products */,
			);
			sourceTree = "<group>";
		};
		E1B674FD2C0CAB25003D491D /* Products */ = {
			isa = PBXGroup;
			children = (
				E1B674FC2C0CAB25003D491D /* ProjetoCusco.app */,
			);
			name = Products;
			sourceTree = "<group>";
		};
		E1B674FE2C0CAB25003D491D /* ProjetoCusco */ = {
			isa = PBXGroup;
			children = (
				E1B675172C0D3420003D491D /* Resources */,
				E1B675142C0D33FC003D491D /* Code */,
				E1B675102C0CE6E7003D491D /* SupportingFiles */,
				E1B674FF2C0CAB25003D491D /* ProjetoCuscoApp.swift */,
				E1B675012C0CAB25003D491D /* ContentView.swift */,
				E1B675032C0CAB26003D491D /* Assets.xcassets */,
				E1B675052C0CAB26003D491D /* Preview Content */,
			);
			path = ProjetoCusco;
			sourceTree = "<group>";
		};
		E1B675052C0CAB26003D491D /* Preview Content */ = {
			isa = PBXGroup;
			children = (
				E1B675062C0CAB26003D491D /* Preview Assets.xcassets */,
			);
			path = "Preview Content";
			sourceTree = "<group>";
		};
		E1B675102C0CE6E7003D491D /* SupportingFiles */ = {
			isa = PBXGroup;
			children = (
				E1B675112C0CE733003D491D /* Localization */,
				E1B675712C128145003D491D /* Launch Screen.storyboard */,
			);
			path = SupportingFiles;
			sourceTree = "<group>";
		};
		E1B675112C0CE733003D491D /* Localization */ = {
			isa = PBXGroup;
			children = (
				E1B675122C0CE75E003D491D /* Localizable.xcstrings */,
			);
			path = Localization;
			sourceTree = "<group>";
		};
		E1B675142C0D33FC003D491D /* Code */ = {
			isa = PBXGroup;
			children = (
				E188A9B32C34C4450031EC04 /* Base */,
				E1B675152C0D3407003D491D /* Features */,
				E19FCAA72C1A837300732192 /* Networking */,
				E19FCAA92C1BA6D800732192 /* Onboarding */,
				E1B6755B2C11294D003D491D /* Router */,
				E19FCAA82C1A838D00732192 /* Themes */,
			);
			path = Code;
			sourceTree = "<group>";
		};
		E1B675152C0D3407003D491D /* Features */ = {
			isa = PBXGroup;
			children = (
				E1B675182C0D3481003D491D /* Common */,
				E1B675192C0D3492003D491D /* Home */,
				E1B6751A2C0D349A003D491D /* Login */,
				E1B6751B2C0D34A2003D491D /* Settings */,
			);
			path = Features;
			sourceTree = "<group>";
		};
		E1B675172C0D3420003D491D /* Resources */ = {
			isa = PBXGroup;
			children = (
			);
			path = Resources;
			sourceTree = "<group>";
		};
		E1B675182C0D3481003D491D /* Common */ = {
			isa = PBXGroup;
			children = (
			);
			path = Common;
			sourceTree = "<group>";
		};
		E1B675192C0D3492003D491D /* Home */ = {
			isa = PBXGroup;
			children = (
			);
			path = Home;
			sourceTree = "<group>";
		};
		E1B6751A2C0D349A003D491D /* Login */ = {
			isa = PBXGroup;
			children = (
			);
			path = Login;
			sourceTree = "<group>";
		};
		E1B6751B2C0D34A2003D491D /* Settings */ = {
			isa = PBXGroup;
			children = (
				E1ED45742C2A5F5000B3D044 /* KeyChain.swift */,
			);
			path = Settings;
			sourceTree = "<group>";
		};
		E1B6755B2C11294D003D491D /* Router */ = {
			isa = PBXGroup;
			children = (
				E1B6755C2C11295F003D491D /* AppRouter.swift */,
				E1B675732C149E0C003D491D /* Base */,
				E1B6755E2C11335C003D491D /* Extensions */,
				E1B675742C149E16003D491D /* TabA */,
				E19FCABA2C23ABAA00732192 /* TabB */,
				E19FCAC12C24EE8700732192 /* TabC */,
				E19FCAC22C24EE9000732192 /* TabD */,
			);
			path = Router;
			sourceTree = "<group>";
		};
		E1B6755E2C11335C003D491D /* Extensions */ = {
			isa = PBXGroup;
			children = (
				E1B6756D2C127A98003D491D /* CGFloat+Extensions.swift */,
				E1B675672C1271B7003D491D /* CodingUserInfoKey+Extensions.swift */,
				E1B6755F2C11337B003D491D /* EnvironmentValues+Extensions.swift */,
				E19FCAB42C2102D200732192 /* Font+Extensions.swift */,
				E1B6756B2C12790F003D491D /* View+Extensions.swift */,
				E19FCAB62C2104AD00732192 /* Color+Extensions.swift */,
			);
			path = Extensions;
			sourceTree = "<group>";
		};
		E1B675732C149E0C003D491D /* Base */ = {
			isa = PBXGroup;
			children = (
				E1B675612C126F0E003D491D /* BaseRouter.swift */,
				E19FCAD12C2A436800732192 /* DeeplinkManager.swift */,
				E19FCABF2C23B9AF00732192 /* PresentedSheet.swift */,
				E1B675632C126FC1003D491D /* RouterDestination.swift */,
				E1B675652C12714A003D491D /* RouterDestinationDecoder.swift */,
			);
			path = Base;
			sourceTree = "<group>";
		};
		E1B675742C149E16003D491D /* TabA */ = {
			isa = PBXGroup;
			children = (
				E1B675752C149F82003D491D /* TabARouter.swift */,
				E19FCAB22C2101DB00732192 /* ViewTabA.swift */,
				E19FCABD2C23B3A500732192 /* TabAView.swift */,
			);
			path = TabA;
			sourceTree = "<group>";
		};
/* End PBXGroup section */

/* Begin PBXNativeTarget section */
		E1B674FB2C0CAB25003D491D /* ProjetoCusco */ = {
			isa = PBXNativeTarget;
			buildConfigurationList = E1B6750A2C0CAB26003D491D /* Build configuration list for PBXNativeTarget "ProjetoCusco" */;
			buildPhases = (
				E1B674F82C0CAB25003D491D /* Sources */,
				E1B674F92C0CAB25003D491D /* Frameworks */,
				E1B674FA2C0CAB25003D491D /* Resources */,
				E1B6750D2C0CAB91003D491D /* SwiftLint */,
			);
			buildRules = (
			);
			dependencies = (
			);
			name = ProjetoCusco;
			packageProductDependencies = (
				E1B6751D2C0E8462003D491D /* FirebaseAnalytics */,
				E1B6751F2C0E8462003D491D /* FirebaseAnalyticsOnDeviceConversion */,
				E1B675212C0E8462003D491D /* FirebaseAnalyticsSwift */,
				E1B675232C0E8462003D491D /* FirebaseAnalyticsWithoutAdIdSupport */,
				E1B675252C0E8462003D491D /* FirebaseAppCheck */,
				E1B675272C0E8462003D491D /* FirebaseAppDistribution-Beta */,
				E1B675292C0E8462003D491D /* FirebaseAuth */,
				E1B6752B2C0E8462003D491D /* FirebaseAuthCombine-Community */,
				E1B6752D2C0E8462003D491D /* FirebaseCrashlytics */,
				E1B6752F2C0E8462003D491D /* FirebaseDatabase */,
				E1B675312C0E8462003D491D /* FirebaseDatabaseSwift */,
				E1B675332C0E8462003D491D /* FirebaseDynamicLinks */,
				E1B675352C0E8462003D491D /* FirebaseFirestore */,
				E1B675372C0E8462003D491D /* FirebaseFirestoreCombine-Community */,
				E1B675392C0E8462003D491D /* FirebaseFirestoreSwift */,
				E1B6753B2C0E8462003D491D /* FirebaseFunctions */,
				E1B6753D2C0E8462003D491D /* FirebaseFunctionsCombine-Community */,
				E1B6753F2C0E8462003D491D /* FirebaseInAppMessaging-Beta */,
				E1B675412C0E8462003D491D /* FirebaseInAppMessagingSwift-Beta */,
				E1B675432C0E8462003D491D /* FirebaseInstallations */,
				E1B675452C0E8462003D491D /* FirebaseMLModelDownloader */,
				E1B675472C0E8462003D491D /* FirebaseMessaging */,
				E1B675492C0E8462003D491D /* FirebasePerformance */,
				E1B6754B2C0E8462003D491D /* FirebaseRemoteConfig */,
				E1B6754D2C0E8462003D491D /* FirebaseRemoteConfigSwift */,
				E1B6754F2C0E8462003D491D /* FirebaseStorage */,
				E1B675512C0E8462003D491D /* FirebaseStorageCombine-Community */,
				E1B675532C0E8462003D491D /* FirebaseVertexAI-Preview */,
				E1ED45772C2B81F800B3D044 /* WelcomeSheet */,
			);
			productName = ProjetoCusco;
			productReference = E1B674FC2C0CAB25003D491D /* ProjetoCusco.app */;
			productType = "com.apple.product-type.application";
		};
/* End PBXNativeTarget section */

/* Begin PBXProject section */
		E1B674F42C0CAB25003D491D /* Project object */ = {
			isa = PBXProject;
			attributes = {
				BuildIndependentTargetsInParallel = 1;
				LastSwiftUpdateCheck = 1540;
				LastUpgradeCheck = 1540;
				TargetAttributes = {
					E1B674FB2C0CAB25003D491D = {
						CreatedOnToolsVersion = 15.4;
					};
				};
			};
			buildConfigurationList = E1B674F72C0CAB25003D491D /* Build configuration list for PBXProject "ProjetoCusco" */;
			compatibilityVersion = "Xcode 14.0";
			developmentRegion = en;
			hasScannedForEncodings = 0;
			knownRegions = (
				en,
				Base,
				"es-419",
				"pt-BR",
			);
			mainGroup = E1B674F32C0CAB25003D491D;
			packageReferences = (
				E1B6751C2C0E8461003D491D /* XCRemoteSwiftPackageReference "firebase-ios-sdk" */,
				E1ED45762C2B81F800B3D044 /* XCRemoteSwiftPackageReference "Welcome-Sheet" */,
			);
			productRefGroup = E1B674FD2C0CAB25003D491D /* Products */;
			projectDirPath = "";
			projectRoot = "";
			targets = (
				E1B674FB2C0CAB25003D491D /* ProjetoCusco */,
			);
		};
/* End PBXProject section */

/* Begin PBXResourcesBuildPhase section */
		E1B674FA2C0CAB25003D491D /* Resources */ = {
			isa = PBXResourcesBuildPhase;
			buildActionMask = 2147483647;
			files = (
				E1B6750F2C0CB05B003D491D /* .swiftlint.yml in Resources */,
				E1B675072C0CAB26003D491D /* Preview Assets.xcassets in Resources */,
				E1B675582C0FD9DC003D491D /* GoogleService-Info.plist in Resources */,
				E1B675132C0CE75E003D491D /* Localizable.xcstrings in Resources */,
				E1B6755A2C0FE2CB003D491D /* .gitignore in Resources */,
				E1B675042C0CAB26003D491D /* Assets.xcassets in Resources */,
				E1B675722C128145003D491D /* Launch Screen.storyboard in Resources */,
			);
			runOnlyForDeploymentPostprocessing = 0;
		};
/* End PBXResourcesBuildPhase section */

/* Begin PBXShellScriptBuildPhase section */
		E1B6750D2C0CAB91003D491D /* SwiftLint */ = {
			isa = PBXShellScriptBuildPhase;
			alwaysOutOfDate = 1;
			buildActionMask = 2147483647;
			files = (
			);
			inputFileListPaths = (
			);
			inputPaths = (
			);
			name = SwiftLint;
			outputFileListPaths = (
			);
			outputPaths = (
			);
			runOnlyForDeploymentPostprocessing = 0;
			shellPath = /bin/sh;
			shellScript = "# Type a script or drag a script file from your workspace to insert its path.\nif [[ \"$(uname -m)\" == arm64 ]]; then\n    export PATH=\"/opt/homebrew/bin:$PATH\"\nfi\n\nif which swiftlint > /dev/null; then\n  swiftlint\nelse\n  echo \"warning: SwiftLint not installed, download from https://github.com/realm/SwiftLint\"\nfi\n";
		};
/* End PBXShellScriptBuildPhase section */

/* Begin PBXSourcesBuildPhase section */
		E1B674F82C0CAB25003D491D /* Sources */ = {
			isa = PBXSourcesBuildPhase;
			buildActionMask = 2147483647;
			files = (
				E19FCAB52C2102D200732192 /* Font+Extensions.swift in Sources */,
				E19FCAAD2C1F4FC800732192 /* NetworkRequest.swift in Sources */,
				E1B6756E2C127A98003D491D /* CGFloat+Extensions.swift in Sources */,
				E19FCAD22C2A436800732192 /* DeeplinkManager.swift in Sources */,
				E1ED45842C2B9B4C00B3D044 /* OnboardingButton.swift in Sources */,
				E1ED456F2C2A5AA500B3D044 /* AppTheme.swift in Sources */,
				E19FCAB12C1F9B5400732192 /* NetworkManager+Extensions.swift in Sources */,
				E19FCAAB2C1F4F5400732192 /* NetworkError.swift in Sources */,
				E1ED45752C2A5F5000B3D044 /* KeyChain.swift in Sources */,
				E19FCABC2C23ABE500732192 /* TabBView.swift in Sources */,
				E1ED457E2C2B991600B3D044 /* OnBoardingView.swift in Sources */,
				E19FCACA2C24F1BC00732192 /* ChatView.swift in Sources */,
				E1B675682C1271B7003D491D /* CodingUserInfoKey+Extensions.swift in Sources */,
				E1B675022C0CAB25003D491D /* ContentView.swift in Sources */,
				E1ED457C2C2B98C000B3D044 /* OnboardingData.swift in Sources */,
				E1B675602C11337B003D491D /* EnvironmentValues+Extensions.swift in Sources */,
				E1B675762C149F82003D491D /* TabARouter.swift in Sources */,
				E19FCAC62C24EFAA00732192 /* InboxNavigationProtocol.swift in Sources */,
				E1B675622C126F0E003D491D /* BaseRouter.swift in Sources */,
				E19FCAC82C24F15F00732192 /* InboxView.swift in Sources */,
				E19FCAB92C210D2300732192 /* TabBRouter.swift in Sources */,
				E19FCAC02C23B9AF00732192 /* PresentedSheet.swift in Sources */,
				E1B675662C12714A003D491D /* RouterDestinationDecoder.swift in Sources */,
				E19FCAB72C2104AD00732192 /* Color+Extensions.swift in Sources */,
				E19FCABE2C23B3A500732192 /* TabAView.swift in Sources */,
				E1B675002C0CAB25003D491D /* ProjetoCuscoApp.swift in Sources */,
				E1ED45802C2B993900B3D044 /* OnboardingTabView.swift in Sources */,
				E19FCAAF2C1F99A500732192 /* NetworkManager.swift in Sources */,
				E19FCAB32C2101DB00732192 /* ViewTabA.swift in Sources */,
				E1B6755D2C11295F003D491D /* AppRouter.swift in Sources */,
				E188A9B52C34C4520031EC04 /* AppState.swift in Sources */,
				E19FCACE2C2A34A100732192 /* TabDRouter.swift in Sources */,
				E19FCAD02C2A352400732192 /* TabDView.swift in Sources */,
				E19FCACC2C24F1DC00732192 /* TabC.swift in Sources */,
				E1B6756C2C12790F003D491D /* View+Extensions.swift in Sources */,
				E19FCAC42C24EF1F00732192 /* TabCRouter.swift in Sources */,
				E1B675642C126FC1003D491D /* RouterDestination.swift in Sources */,
			);
			runOnlyForDeploymentPostprocessing = 0;
		};
/* End PBXSourcesBuildPhase section */

/* Begin XCBuildConfiguration section */
		E1B675082C0CAB26003D491D /* Debug */ = {
			isa = XCBuildConfiguration;
			buildSettings = {
				ALWAYS_SEARCH_USER_PATHS = NO;
				ASSETCATALOG_COMPILER_GENERATE_SWIFT_ASSET_SYMBOL_EXTENSIONS = YES;
				CLANG_ANALYZER_NONNULL = YES;
				CLANG_ANALYZER_NUMBER_OBJECT_CONVERSION = YES_AGGRESSIVE;
				CLANG_CXX_LANGUAGE_STANDARD = "gnu++20";
				CLANG_ENABLE_MODULES = YES;
				CLANG_ENABLE_OBJC_ARC = YES;
				CLANG_ENABLE_OBJC_WEAK = YES;
				CLANG_WARN_BLOCK_CAPTURE_AUTORELEASING = YES;
				CLANG_WARN_BOOL_CONVERSION = YES;
				CLANG_WARN_COMMA = YES;
				CLANG_WARN_CONSTANT_CONVERSION = YES;
				CLANG_WARN_DEPRECATED_OBJC_IMPLEMENTATIONS = YES;
				CLANG_WARN_DIRECT_OBJC_ISA_USAGE = YES_ERROR;
				CLANG_WARN_DOCUMENTATION_COMMENTS = YES;
				CLANG_WARN_EMPTY_BODY = YES;
				CLANG_WARN_ENUM_CONVERSION = YES;
				CLANG_WARN_INFINITE_RECURSION = YES;
				CLANG_WARN_INT_CONVERSION = YES;
				CLANG_WARN_NON_LITERAL_NULL_CONVERSION = YES;
				CLANG_WARN_OBJC_IMPLICIT_RETAIN_SELF = YES;
				CLANG_WARN_OBJC_LITERAL_CONVERSION = YES;
				CLANG_WARN_OBJC_ROOT_CLASS = YES_ERROR;
				CLANG_WARN_QUOTED_INCLUDE_IN_FRAMEWORK_HEADER = YES;
				CLANG_WARN_RANGE_LOOP_ANALYSIS = YES;
				CLANG_WARN_STRICT_PROTOTYPES = YES;
				CLANG_WARN_SUSPICIOUS_MOVE = YES;
				CLANG_WARN_UNGUARDED_AVAILABILITY = YES_AGGRESSIVE;
				CLANG_WARN_UNREACHABLE_CODE = YES;
				CLANG_WARN__DUPLICATE_METHOD_MATCH = YES;
				COPY_PHASE_STRIP = NO;
				DEBUG_INFORMATION_FORMAT = dwarf;
				ENABLE_STRICT_OBJC_MSGSEND = YES;
				ENABLE_TESTABILITY = YES;
				ENABLE_USER_SCRIPT_SANDBOXING = YES;
				GCC_C_LANGUAGE_STANDARD = gnu17;
				GCC_DYNAMIC_NO_PIC = NO;
				GCC_NO_COMMON_BLOCKS = YES;
				GCC_OPTIMIZATION_LEVEL = 0;
				GCC_PREPROCESSOR_DEFINITIONS = (
					"DEBUG=1",
					"$(inherited)",
				);
				GCC_WARN_64_TO_32_BIT_CONVERSION = YES;
				GCC_WARN_ABOUT_RETURN_TYPE = YES_ERROR;
				GCC_WARN_UNDECLARED_SELECTOR = YES;
				GCC_WARN_UNINITIALIZED_AUTOS = YES_AGGRESSIVE;
				GCC_WARN_UNUSED_FUNCTION = YES;
				GCC_WARN_UNUSED_VARIABLE = YES;
				IPHONEOS_DEPLOYMENT_TARGET = 17.5;
				LOCALIZATION_PREFERS_STRING_CATALOGS = YES;
				MTL_ENABLE_DEBUG_INFO = INCLUDE_SOURCE;
				MTL_FAST_MATH = YES;
				ONLY_ACTIVE_ARCH = YES;
				SDKROOT = iphoneos;
				SWIFT_ACTIVE_COMPILATION_CONDITIONS = "DEBUG $(inherited)";
				SWIFT_OPTIMIZATION_LEVEL = "-Onone";
			};
			name = Debug;
		};
		E1B675092C0CAB26003D491D /* Release */ = {
			isa = XCBuildConfiguration;
			buildSettings = {
				ALWAYS_SEARCH_USER_PATHS = NO;
				ASSETCATALOG_COMPILER_GENERATE_SWIFT_ASSET_SYMBOL_EXTENSIONS = YES;
				CLANG_ANALYZER_NONNULL = YES;
				CLANG_ANALYZER_NUMBER_OBJECT_CONVERSION = YES_AGGRESSIVE;
				CLANG_CXX_LANGUAGE_STANDARD = "gnu++20";
				CLANG_ENABLE_MODULES = YES;
				CLANG_ENABLE_OBJC_ARC = YES;
				CLANG_ENABLE_OBJC_WEAK = YES;
				CLANG_WARN_BLOCK_CAPTURE_AUTORELEASING = YES;
				CLANG_WARN_BOOL_CONVERSION = YES;
				CLANG_WARN_COMMA = YES;
				CLANG_WARN_CONSTANT_CONVERSION = YES;
				CLANG_WARN_DEPRECATED_OBJC_IMPLEMENTATIONS = YES;
				CLANG_WARN_DIRECT_OBJC_ISA_USAGE = YES_ERROR;
				CLANG_WARN_DOCUMENTATION_COMMENTS = YES;
				CLANG_WARN_EMPTY_BODY = YES;
				CLANG_WARN_ENUM_CONVERSION = YES;
				CLANG_WARN_INFINITE_RECURSION = YES;
				CLANG_WARN_INT_CONVERSION = YES;
				CLANG_WARN_NON_LITERAL_NULL_CONVERSION = YES;
				CLANG_WARN_OBJC_IMPLICIT_RETAIN_SELF = YES;
				CLANG_WARN_OBJC_LITERAL_CONVERSION = YES;
				CLANG_WARN_OBJC_ROOT_CLASS = YES_ERROR;
				CLANG_WARN_QUOTED_INCLUDE_IN_FRAMEWORK_HEADER = YES;
				CLANG_WARN_RANGE_LOOP_ANALYSIS = YES;
				CLANG_WARN_STRICT_PROTOTYPES = YES;
				CLANG_WARN_SUSPICIOUS_MOVE = YES;
				CLANG_WARN_UNGUARDED_AVAILABILITY = YES_AGGRESSIVE;
				CLANG_WARN_UNREACHABLE_CODE = YES;
				CLANG_WARN__DUPLICATE_METHOD_MATCH = YES;
				COPY_PHASE_STRIP = NO;
				DEBUG_INFORMATION_FORMAT = "dwarf-with-dsym";
				ENABLE_NS_ASSERTIONS = NO;
				ENABLE_STRICT_OBJC_MSGSEND = YES;
				ENABLE_USER_SCRIPT_SANDBOXING = YES;
				GCC_C_LANGUAGE_STANDARD = gnu17;
				GCC_NO_COMMON_BLOCKS = YES;
				GCC_WARN_64_TO_32_BIT_CONVERSION = YES;
				GCC_WARN_ABOUT_RETURN_TYPE = YES_ERROR;
				GCC_WARN_UNDECLARED_SELECTOR = YES;
				GCC_WARN_UNINITIALIZED_AUTOS = YES_AGGRESSIVE;
				GCC_WARN_UNUSED_FUNCTION = YES;
				GCC_WARN_UNUSED_VARIABLE = YES;
				IPHONEOS_DEPLOYMENT_TARGET = 17.5;
				LOCALIZATION_PREFERS_STRING_CATALOGS = YES;
				MTL_ENABLE_DEBUG_INFO = NO;
				MTL_FAST_MATH = YES;
				SDKROOT = iphoneos;
				SWIFT_COMPILATION_MODE = wholemodule;
				VALIDATE_PRODUCT = YES;
			};
			name = Release;
		};
		E1B6750B2C0CAB26003D491D /* Debug */ = {
			isa = XCBuildConfiguration;
			buildSettings = {
				ASSETCATALOG_COMPILER_APPICON_NAME = AppIcon;
				ASSETCATALOG_COMPILER_GLOBAL_ACCENT_COLOR_NAME = AccentColor;
				CODE_SIGN_STYLE = Automatic;
				CURRENT_PROJECT_VERSION = 1;
				DEVELOPMENT_ASSET_PATHS = "\"ProjetoCusco/Preview Content\"";
				DEVELOPMENT_TEAM = 4DLN7FPJ74;
				ENABLE_PREVIEWS = YES;
				ENABLE_USER_SCRIPT_SANDBOXING = NO;
				GENERATE_INFOPLIST_FILE = YES;
				INFOPLIST_KEY_UIApplicationSceneManifest_Generation = YES;
				INFOPLIST_KEY_UIApplicationSupportsIndirectInputEvents = YES;
				INFOPLIST_KEY_UILaunchScreen_Generation = YES;
				INFOPLIST_KEY_UILaunchStoryboardName = "Launch Screen.storyboard";
				INFOPLIST_KEY_UISupportedInterfaceOrientations_iPad = "UIInterfaceOrientationPortrait UIInterfaceOrientationPortraitUpsideDown UIInterfaceOrientationLandscapeLeft UIInterfaceOrientationLandscapeRight";
				INFOPLIST_KEY_UISupportedInterfaceOrientations_iPhone = "UIInterfaceOrientationPortrait UIInterfaceOrientationLandscapeLeft UIInterfaceOrientationLandscapeRight";
				LD_RUNPATH_SEARCH_PATHS = (
					"$(inherited)",
					"@executable_path/Frameworks",
				);
				MARKETING_VERSION = 1.0;
				PRODUCT_BUNDLE_IDENTIFIER = com.rgeiss.ProjetoCusco;
				PRODUCT_NAME = "$(TARGET_NAME)";
				SWIFT_EMIT_LOC_STRINGS = YES;
				SWIFT_VERSION = 5.0;
				TARGETED_DEVICE_FAMILY = "1,2";
			};
			name = Debug;
		};
		E1B6750C2C0CAB26003D491D /* Release */ = {
			isa = XCBuildConfiguration;
			buildSettings = {
				ASSETCATALOG_COMPILER_APPICON_NAME = AppIcon;
				ASSETCATALOG_COMPILER_GLOBAL_ACCENT_COLOR_NAME = AccentColor;
				CODE_SIGN_STYLE = Automatic;
				CURRENT_PROJECT_VERSION = 1;
				DEVELOPMENT_ASSET_PATHS = "\"ProjetoCusco/Preview Content\"";
				DEVELOPMENT_TEAM = 4DLN7FPJ74;
				ENABLE_PREVIEWS = YES;
				ENABLE_USER_SCRIPT_SANDBOXING = NO;
				GENERATE_INFOPLIST_FILE = YES;
				INFOPLIST_KEY_UIApplicationSceneManifest_Generation = YES;
				INFOPLIST_KEY_UIApplicationSupportsIndirectInputEvents = YES;
				INFOPLIST_KEY_UILaunchScreen_Generation = YES;
				INFOPLIST_KEY_UILaunchStoryboardName = "Launch Screen.storyboard";
				INFOPLIST_KEY_UISupportedInterfaceOrientations_iPad = "UIInterfaceOrientationPortrait UIInterfaceOrientationPortraitUpsideDown UIInterfaceOrientationLandscapeLeft UIInterfaceOrientationLandscapeRight";
				INFOPLIST_KEY_UISupportedInterfaceOrientations_iPhone = "UIInterfaceOrientationPortrait UIInterfaceOrientationLandscapeLeft UIInterfaceOrientationLandscapeRight";
				LD_RUNPATH_SEARCH_PATHS = (
					"$(inherited)",
					"@executable_path/Frameworks",
				);
				MARKETING_VERSION = 1.0;
				PRODUCT_BUNDLE_IDENTIFIER = com.rgeiss.ProjetoCusco;
				PRODUCT_NAME = "$(TARGET_NAME)";
				SWIFT_EMIT_LOC_STRINGS = YES;
				SWIFT_VERSION = 5.0;
				TARGETED_DEVICE_FAMILY = "1,2";
			};
			name = Release;
		};
/* End XCBuildConfiguration section */

/* Begin XCConfigurationList section */
		E1B674F72C0CAB25003D491D /* Build configuration list for PBXProject "ProjetoCusco" */ = {
			isa = XCConfigurationList;
			buildConfigurations = (
				E1B675082C0CAB26003D491D /* Debug */,
				E1B675092C0CAB26003D491D /* Release */,
			);
			defaultConfigurationIsVisible = 0;
			defaultConfigurationName = Release;
		};
		E1B6750A2C0CAB26003D491D /* Build configuration list for PBXNativeTarget "ProjetoCusco" */ = {
			isa = XCConfigurationList;
			buildConfigurations = (
				E1B6750B2C0CAB26003D491D /* Debug */,
				E1B6750C2C0CAB26003D491D /* Release */,
			);
			defaultConfigurationIsVisible = 0;
			defaultConfigurationName = Release;
		};
/* End XCConfigurationList section */

/* Begin XCRemoteSwiftPackageReference section */
		E1B6751C2C0E8461003D491D /* XCRemoteSwiftPackageReference "firebase-ios-sdk" */ = {
			isa = XCRemoteSwiftPackageReference;
			repositoryURL = "https://github.com/firebase/firebase-ios-sdk";
			requirement = {
				kind = upToNextMajorVersion;
				minimumVersion = 10.27.0;
			};
		};
		E1ED45762C2B81F800B3D044 /* XCRemoteSwiftPackageReference "Welcome-Sheet" */ = {
			isa = XCRemoteSwiftPackageReference;
			repositoryURL = "https://github.com/MAJKFL/Welcome-Sheet";
			requirement = {
				branch = main;
				kind = branch;
			};
		};
/* End XCRemoteSwiftPackageReference section */

/* Begin XCSwiftPackageProductDependency section */
		E1B6751D2C0E8462003D491D /* FirebaseAnalytics */ = {
			isa = XCSwiftPackageProductDependency;
			package = E1B6751C2C0E8461003D491D /* XCRemoteSwiftPackageReference "firebase-ios-sdk" */;
			productName = FirebaseAnalytics;
		};
		E1B6751F2C0E8462003D491D /* FirebaseAnalyticsOnDeviceConversion */ = {
			isa = XCSwiftPackageProductDependency;
			package = E1B6751C2C0E8461003D491D /* XCRemoteSwiftPackageReference "firebase-ios-sdk" */;
			productName = FirebaseAnalyticsOnDeviceConversion;
		};
		E1B675212C0E8462003D491D /* FirebaseAnalyticsSwift */ = {
			isa = XCSwiftPackageProductDependency;
			package = E1B6751C2C0E8461003D491D /* XCRemoteSwiftPackageReference "firebase-ios-sdk" */;
			productName = FirebaseAnalyticsSwift;
		};
		E1B675232C0E8462003D491D /* FirebaseAnalyticsWithoutAdIdSupport */ = {
			isa = XCSwiftPackageProductDependency;
			package = E1B6751C2C0E8461003D491D /* XCRemoteSwiftPackageReference "firebase-ios-sdk" */;
			productName = FirebaseAnalyticsWithoutAdIdSupport;
		};
		E1B675252C0E8462003D491D /* FirebaseAppCheck */ = {
			isa = XCSwiftPackageProductDependency;
			package = E1B6751C2C0E8461003D491D /* XCRemoteSwiftPackageReference "firebase-ios-sdk" */;
			productName = FirebaseAppCheck;
		};
		E1B675272C0E8462003D491D /* FirebaseAppDistribution-Beta */ = {
			isa = XCSwiftPackageProductDependency;
			package = E1B6751C2C0E8461003D491D /* XCRemoteSwiftPackageReference "firebase-ios-sdk" */;
			productName = "FirebaseAppDistribution-Beta";
		};
		E1B675292C0E8462003D491D /* FirebaseAuth */ = {
			isa = XCSwiftPackageProductDependency;
			package = E1B6751C2C0E8461003D491D /* XCRemoteSwiftPackageReference "firebase-ios-sdk" */;
			productName = FirebaseAuth;
		};
		E1B6752B2C0E8462003D491D /* FirebaseAuthCombine-Community */ = {
			isa = XCSwiftPackageProductDependency;
			package = E1B6751C2C0E8461003D491D /* XCRemoteSwiftPackageReference "firebase-ios-sdk" */;
			productName = "FirebaseAuthCombine-Community";
		};
		E1B6752D2C0E8462003D491D /* FirebaseCrashlytics */ = {
			isa = XCSwiftPackageProductDependency;
			package = E1B6751C2C0E8461003D491D /* XCRemoteSwiftPackageReference "firebase-ios-sdk" */;
			productName = FirebaseCrashlytics;
		};
		E1B6752F2C0E8462003D491D /* FirebaseDatabase */ = {
			isa = XCSwiftPackageProductDependency;
			package = E1B6751C2C0E8461003D491D /* XCRemoteSwiftPackageReference "firebase-ios-sdk" */;
			productName = FirebaseDatabase;
		};
		E1B675312C0E8462003D491D /* FirebaseDatabaseSwift */ = {
			isa = XCSwiftPackageProductDependency;
			package = E1B6751C2C0E8461003D491D /* XCRemoteSwiftPackageReference "firebase-ios-sdk" */;
			productName = FirebaseDatabaseSwift;
		};
		E1B675332C0E8462003D491D /* FirebaseDynamicLinks */ = {
			isa = XCSwiftPackageProductDependency;
			package = E1B6751C2C0E8461003D491D /* XCRemoteSwiftPackageReference "firebase-ios-sdk" */;
			productName = FirebaseDynamicLinks;
		};
		E1B675352C0E8462003D491D /* FirebaseFirestore */ = {
			isa = XCSwiftPackageProductDependency;
			package = E1B6751C2C0E8461003D491D /* XCRemoteSwiftPackageReference "firebase-ios-sdk" */;
			productName = FirebaseFirestore;
		};
		E1B675372C0E8462003D491D /* FirebaseFirestoreCombine-Community */ = {
			isa = XCSwiftPackageProductDependency;
			package = E1B6751C2C0E8461003D491D /* XCRemoteSwiftPackageReference "firebase-ios-sdk" */;
			productName = "FirebaseFirestoreCombine-Community";
		};
		E1B675392C0E8462003D491D /* FirebaseFirestoreSwift */ = {
			isa = XCSwiftPackageProductDependency;
			package = E1B6751C2C0E8461003D491D /* XCRemoteSwiftPackageReference "firebase-ios-sdk" */;
			productName = FirebaseFirestoreSwift;
		};
		E1B6753B2C0E8462003D491D /* FirebaseFunctions */ = {
			isa = XCSwiftPackageProductDependency;
			package = E1B6751C2C0E8461003D491D /* XCRemoteSwiftPackageReference "firebase-ios-sdk" */;
			productName = FirebaseFunctions;
		};
		E1B6753D2C0E8462003D491D /* FirebaseFunctionsCombine-Community */ = {
			isa = XCSwiftPackageProductDependency;
			package = E1B6751C2C0E8461003D491D /* XCRemoteSwiftPackageReference "firebase-ios-sdk" */;
			productName = "FirebaseFunctionsCombine-Community";
		};
		E1B6753F2C0E8462003D491D /* FirebaseInAppMessaging-Beta */ = {
			isa = XCSwiftPackageProductDependency;
			package = E1B6751C2C0E8461003D491D /* XCRemoteSwiftPackageReference "firebase-ios-sdk" */;
			productName = "FirebaseInAppMessaging-Beta";
		};
		E1B675412C0E8462003D491D /* FirebaseInAppMessagingSwift-Beta */ = {
			isa = XCSwiftPackageProductDependency;
			package = E1B6751C2C0E8461003D491D /* XCRemoteSwiftPackageReference "firebase-ios-sdk" */;
			productName = "FirebaseInAppMessagingSwift-Beta";
		};
		E1B675432C0E8462003D491D /* FirebaseInstallations */ = {
			isa = XCSwiftPackageProductDependency;
			package = E1B6751C2C0E8461003D491D /* XCRemoteSwiftPackageReference "firebase-ios-sdk" */;
			productName = FirebaseInstallations;
		};
		E1B675452C0E8462003D491D /* FirebaseMLModelDownloader */ = {
			isa = XCSwiftPackageProductDependency;
			package = E1B6751C2C0E8461003D491D /* XCRemoteSwiftPackageReference "firebase-ios-sdk" */;
			productName = FirebaseMLModelDownloader;
		};
		E1B675472C0E8462003D491D /* FirebaseMessaging */ = {
			isa = XCSwiftPackageProductDependency;
			package = E1B6751C2C0E8461003D491D /* XCRemoteSwiftPackageReference "firebase-ios-sdk" */;
			productName = FirebaseMessaging;
		};
		E1B675492C0E8462003D491D /* FirebasePerformance */ = {
			isa = XCSwiftPackageProductDependency;
			package = E1B6751C2C0E8461003D491D /* XCRemoteSwiftPackageReference "firebase-ios-sdk" */;
			productName = FirebasePerformance;
		};
		E1B6754B2C0E8462003D491D /* FirebaseRemoteConfig */ = {
			isa = XCSwiftPackageProductDependency;
			package = E1B6751C2C0E8461003D491D /* XCRemoteSwiftPackageReference "firebase-ios-sdk" */;
			productName = FirebaseRemoteConfig;
		};
		E1B6754D2C0E8462003D491D /* FirebaseRemoteConfigSwift */ = {
			isa = XCSwiftPackageProductDependency;
			package = E1B6751C2C0E8461003D491D /* XCRemoteSwiftPackageReference "firebase-ios-sdk" */;
			productName = FirebaseRemoteConfigSwift;
		};
		E1B6754F2C0E8462003D491D /* FirebaseStorage */ = {
			isa = XCSwiftPackageProductDependency;
			package = E1B6751C2C0E8461003D491D /* XCRemoteSwiftPackageReference "firebase-ios-sdk" */;
			productName = FirebaseStorage;
		};
		E1B675512C0E8462003D491D /* FirebaseStorageCombine-Community */ = {
			isa = XCSwiftPackageProductDependency;
			package = E1B6751C2C0E8461003D491D /* XCRemoteSwiftPackageReference "firebase-ios-sdk" */;
			productName = "FirebaseStorageCombine-Community";
		};
		E1B675532C0E8462003D491D /* FirebaseVertexAI-Preview */ = {
			isa = XCSwiftPackageProductDependency;
			package = E1B6751C2C0E8461003D491D /* XCRemoteSwiftPackageReference "firebase-ios-sdk" */;
			productName = "FirebaseVertexAI-Preview";
		};
		E1ED45772C2B81F800B3D044 /* WelcomeSheet */ = {
			isa = XCSwiftPackageProductDependency;
			package = E1ED45762C2B81F800B3D044 /* XCRemoteSwiftPackageReference "Welcome-Sheet" */;
			productName = WelcomeSheet;
		};
/* End XCSwiftPackageProductDependency section */
	};
	rootObject = E1B674F42C0CAB25003D491D /* Project object */;
}
