// !$*UTF8*$!
{
	archiveVersion = 1;
	classes = {
	};
	objectVersion = 56;
	objects = {

/* Begin PBXBuildFile section */
		E10260CE2C76AF98002EA5AD /* PetScreen.swift in Sources */ = {isa = PBXBuildFile; fileRef = E10260CD2C76AF98002EA5AD /* PetScreen.swift */; };
		E10260D12C77D124002EA5AD /* SwiftfulRouting in Frameworks */ = {isa = PBXBuildFile; productRef = E10260D02C77D124002EA5AD /* SwiftfulRouting */; };
		E10260D52C77D8BA002EA5AD /* MatchesScreen.swift in Sources */ = {isa = PBXBuildFile; fileRef = E10260D42C77D8BA002EA5AD /* MatchesScreen.swift */; };
		E10260D72C77EC6B002EA5AD /* HomeViewModel.swift in Sources */ = {isa = PBXBuildFile; fileRef = E10260D62C77EC6B002EA5AD /* HomeViewModel.swift */; };
		E10260D92C77EEAE002EA5AD /* HomeViewModelDelegate.swift in Sources */ = {isa = PBXBuildFile; fileRef = E10260D82C77EEAE002EA5AD /* HomeViewModelDelegate.swift */; };
		E10260DB2C7900E8002EA5AD /* HomeTileView.swift in Sources */ = {isa = PBXBuildFile; fileRef = E10260DA2C7900E8002EA5AD /* HomeTileView.swift */; };
		E10260DD2C790301002EA5AD /* PetDetalheView.swift in Sources */ = {isa = PBXBuildFile; fileRef = E10260DC2C790301002EA5AD /* PetDetalheView.swift */; };
		E123040D2C91D2AE009C5F01 /* PetModel.swift in Sources */ = {isa = PBXBuildFile; fileRef = E123040C2C91D2AE009C5F01 /* PetModel.swift */; };
		E123040F2C91D5E6009C5F01 /* PetRepository.swift in Sources */ = {isa = PBXBuildFile; fileRef = E123040E2C91D5E6009C5F01 /* PetRepository.swift */; };
		E12304112C91D7B0009C5F01 /* PetRepository+Injection.swift in Sources */ = {isa = PBXBuildFile; fileRef = E12304102C91D7B0009C5F01 /* PetRepository+Injection.swift */; };
		E12304132C91EB99009C5F01 /* PetListaScreen.swift in Sources */ = {isa = PBXBuildFile; fileRef = E12304122C91EB99009C5F01 /* PetListaScreen.swift */; };
		E12304152C91F03E009C5F01 /* PetViewModel.swift in Sources */ = {isa = PBXBuildFile; fileRef = E12304142C91F03E009C5F01 /* PetViewModel.swift */; };
		E12304172C91F1CA009C5F01 /* PetAddEditView.swift in Sources */ = {isa = PBXBuildFile; fileRef = E12304162C91F1CA009C5F01 /* PetAddEditView.swift */; };
		E12304192C91FC2C009C5F01 /* PetImageLoader.swift in Sources */ = {isa = PBXBuildFile; fileRef = E12304182C91FC2C009C5F01 /* PetImageLoader.swift */; };
		E123041B2C920232009C5F01 /* PhotoModel.swift in Sources */ = {isa = PBXBuildFile; fileRef = E123041A2C920232009C5F01 /* PhotoModel.swift */; };
		E12E4A0D2C3F553C00ADF27E /* AbrigoDetalheView.swift in Sources */ = {isa = PBXBuildFile; fileRef = E12E4A0C2C3F553C00ADF27E /* AbrigoDetalheView.swift */; };
		E12E4A102C4203BC00ADF27E /* Factory in Frameworks */ = {isa = PBXBuildFile; productRef = E12E4A0F2C4203BC00ADF27E /* Factory */; };
		E12E4A122C4204D600ADF27E /* AbrigoRepository+Injection.swift in Sources */ = {isa = PBXBuildFile; fileRef = E12E4A112C4204D600ADF27E /* AbrigoRepository+Injection.swift */; };
		E12E4A152C4206E800ADF27E /* Firebase+Injection.swift in Sources */ = {isa = PBXBuildFile; fileRef = E12E4A142C4206E800ADF27E /* Firebase+Injection.swift */; };
		E154990F2C826CB8002A3A99 /* GoogleLogInButtonView.swift in Sources */ = {isa = PBXBuildFile; fileRef = E154990E2C826CB8002A3A99 /* GoogleLogInButtonView.swift */; };
		E15499172C836ED1002A3A99 /* AppleLoginButtonView.swift in Sources */ = {isa = PBXBuildFile; fileRef = E15499162C836ED1002A3A99 /* AppleLoginButtonView.swift */; };
		E15499192C83EC31002A3A99 /* EmailLoginButtonView.swift in Sources */ = {isa = PBXBuildFile; fileRef = E15499182C83EC31002A3A99 /* EmailLoginButtonView.swift */; };
		E154991B2C85344B002A3A99 /* PrimaryButtonStyle.swift in Sources */ = {isa = PBXBuildFile; fileRef = E154991A2C85344B002A3A99 /* PrimaryButtonStyle.swift */; };
		E15E8E052C585CD800284134 /* CryptoUtils.swift in Sources */ = {isa = PBXBuildFile; fileRef = E15E8E042C585CD800284134 /* CryptoUtils.swift */; };
		E188A9B52C34C4520031EC04 /* AppState.swift in Sources */ = {isa = PBXBuildFile; fileRef = E188A9B42C34C4520031EC04 /* AppState.swift */; };
		E188A9B92C39883F0031EC04 /* AbrigoRepository.swift in Sources */ = {isa = PBXBuildFile; fileRef = E188A9B82C39883F0031EC04 /* AbrigoRepository.swift */; };
		E188A9BC2C398AD60031EC04 /* AbrigoModel.swift in Sources */ = {isa = PBXBuildFile; fileRef = E188A9BB2C398AD60031EC04 /* AbrigoModel.swift */; };
		E188A9BF2C3996520031EC04 /* AbrigoViewModel.swift in Sources */ = {isa = PBXBuildFile; fileRef = E188A9BE2C3996520031EC04 /* AbrigoViewModel.swift */; };
		E188A9C32C3B0FFA0031EC04 /* AbrigoListaScreen.swift in Sources */ = {isa = PBXBuildFile; fileRef = E188A9C22C3B0FFA0031EC04 /* AbrigoListaScreen.swift */; };
		E188A9C52C3CAB780031EC04 /* AbrigoAddEditView.swift in Sources */ = {isa = PBXBuildFile; fileRef = E188A9C42C3CAB780031EC04 /* AbrigoAddEditView.swift */; };
		E19FCAAB2C1F4F5400732192 /* NetworkError.swift in Sources */ = {isa = PBXBuildFile; fileRef = E19FCAAA2C1F4F5400732192 /* NetworkError.swift */; };
		E19FCAAD2C1F4FC800732192 /* NetworkRequest.swift in Sources */ = {isa = PBXBuildFile; fileRef = E19FCAAC2C1F4FC800732192 /* NetworkRequest.swift */; };
		E19FCAAF2C1F99A500732192 /* NetworkManager.swift in Sources */ = {isa = PBXBuildFile; fileRef = E19FCAAE2C1F99A500732192 /* NetworkManager.swift */; };
		E19FCAB12C1F9B5400732192 /* NetworkManager+Extensions.swift in Sources */ = {isa = PBXBuildFile; fileRef = E19FCAB02C1F9B5400732192 /* NetworkManager+Extensions.swift */; };
		E1A522582C7519D900E19242 /* HomeModel.swift in Sources */ = {isa = PBXBuildFile; fileRef = E1A522572C7519D900E19242 /* HomeModel.swift */; };
		E1A5225A2C75589C00E19242 /* HomeRepository.swift in Sources */ = {isa = PBXBuildFile; fileRef = E1A522592C75589C00E19242 /* HomeRepository.swift */; };
		E1B675002C0CAB25003D491D /* ProjetoCuscoApp.swift in Sources */ = {isa = PBXBuildFile; fileRef = E1B674FF2C0CAB25003D491D /* ProjetoCuscoApp.swift */; };
		E1B675022C0CAB25003D491D /* ContentView.swift in Sources */ = {isa = PBXBuildFile; fileRef = E1B675012C0CAB25003D491D /* ContentView.swift */; };
		E1B675042C0CAB26003D491D /* Assets.xcassets in Resources */ = {isa = PBXBuildFile; fileRef = E1B675032C0CAB26003D491D /* Assets.xcassets */; };
		E1B675072C0CAB26003D491D /* Preview Assets.xcassets in Resources */ = {isa = PBXBuildFile; fileRef = E1B675062C0CAB26003D491D /* Preview Assets.xcassets */; };
		E1B6750F2C0CB05B003D491D /* .swiftlint.yml in Resources */ = {isa = PBXBuildFile; fileRef = E1B6750E2C0CB05B003D491D /* .swiftlint.yml */; };
		E1B675132C0CE75E003D491D /* Localizable.xcstrings in Resources */ = {isa = PBXBuildFile; fileRef = E1B675122C0CE75E003D491D /* Localizable.xcstrings */; };
		E1B6751E2C0E8462003D491D /* FirebaseAnalytics in Frameworks */ = {isa = PBXBuildFile; productRef = E1B6751D2C0E8462003D491D /* FirebaseAnalytics */; };
		E1B675202C0E8462003D491D /* FirebaseAnalyticsOnDeviceConversion in Frameworks */ = {isa = PBXBuildFile; productRef = E1B6751F2C0E8462003D491D /* FirebaseAnalyticsOnDeviceConversion */; };
		E1B675222C0E8462003D491D /* FirebaseAnalyticsSwift in Frameworks */ = {isa = PBXBuildFile; productRef = E1B675212C0E8462003D491D /* FirebaseAnalyticsSwift */; };
		E1B675242C0E8462003D491D /* FirebaseAnalyticsWithoutAdIdSupport in Frameworks */ = {isa = PBXBuildFile; productRef = E1B675232C0E8462003D491D /* FirebaseAnalyticsWithoutAdIdSupport */; };
		E1B675262C0E8462003D491D /* FirebaseAppCheck in Frameworks */ = {isa = PBXBuildFile; productRef = E1B675252C0E8462003D491D /* FirebaseAppCheck */; };
		E1B675282C0E8462003D491D /* FirebaseAppDistribution-Beta in Frameworks */ = {isa = PBXBuildFile; productRef = E1B675272C0E8462003D491D /* FirebaseAppDistribution-Beta */; };
		E1B6752A2C0E8462003D491D /* FirebaseAuth in Frameworks */ = {isa = PBXBuildFile; productRef = E1B675292C0E8462003D491D /* FirebaseAuth */; };
		E1B6752C2C0E8462003D491D /* FirebaseAuthCombine-Community in Frameworks */ = {isa = PBXBuildFile; productRef = E1B6752B2C0E8462003D491D /* FirebaseAuthCombine-Community */; };
		E1B6752E2C0E8462003D491D /* FirebaseCrashlytics in Frameworks */ = {isa = PBXBuildFile; productRef = E1B6752D2C0E8462003D491D /* FirebaseCrashlytics */; };
		E1B675302C0E8462003D491D /* FirebaseDatabase in Frameworks */ = {isa = PBXBuildFile; productRef = E1B6752F2C0E8462003D491D /* FirebaseDatabase */; };
		E1B675322C0E8462003D491D /* FirebaseDatabaseSwift in Frameworks */ = {isa = PBXBuildFile; productRef = E1B675312C0E8462003D491D /* FirebaseDatabaseSwift */; };
		E1B675342C0E8462003D491D /* FirebaseDynamicLinks in Frameworks */ = {isa = PBXBuildFile; productRef = E1B675332C0E8462003D491D /* FirebaseDynamicLinks */; };
		E1B675362C0E8462003D491D /* FirebaseFirestore in Frameworks */ = {isa = PBXBuildFile; productRef = E1B675352C0E8462003D491D /* FirebaseFirestore */; };
		E1B675382C0E8462003D491D /* FirebaseFirestoreCombine-Community in Frameworks */ = {isa = PBXBuildFile; productRef = E1B675372C0E8462003D491D /* FirebaseFirestoreCombine-Community */; };
		E1B6753A2C0E8462003D491D /* FirebaseFirestoreSwift in Frameworks */ = {isa = PBXBuildFile; productRef = E1B675392C0E8462003D491D /* FirebaseFirestoreSwift */; };
		E1B6753C2C0E8462003D491D /* FirebaseFunctions in Frameworks */ = {isa = PBXBuildFile; productRef = E1B6753B2C0E8462003D491D /* FirebaseFunctions */; };
		E1B6753E2C0E8462003D491D /* FirebaseFunctionsCombine-Community in Frameworks */ = {isa = PBXBuildFile; productRef = E1B6753D2C0E8462003D491D /* FirebaseFunctionsCombine-Community */; };
		E1B675402C0E8462003D491D /* FirebaseInAppMessaging-Beta in Frameworks */ = {isa = PBXBuildFile; productRef = E1B6753F2C0E8462003D491D /* FirebaseInAppMessaging-Beta */; };
		E1B675422C0E8462003D491D /* FirebaseInAppMessagingSwift-Beta in Frameworks */ = {isa = PBXBuildFile; productRef = E1B675412C0E8462003D491D /* FirebaseInAppMessagingSwift-Beta */; };
		E1B675442C0E8462003D491D /* FirebaseInstallations in Frameworks */ = {isa = PBXBuildFile; productRef = E1B675432C0E8462003D491D /* FirebaseInstallations */; };
		E1B675462C0E8462003D491D /* FirebaseMLModelDownloader in Frameworks */ = {isa = PBXBuildFile; productRef = E1B675452C0E8462003D491D /* FirebaseMLModelDownloader */; };
		E1B675482C0E8462003D491D /* FirebaseMessaging in Frameworks */ = {isa = PBXBuildFile; productRef = E1B675472C0E8462003D491D /* FirebaseMessaging */; };
		E1B6754A2C0E8462003D491D /* FirebasePerformance in Frameworks */ = {isa = PBXBuildFile; productRef = E1B675492C0E8462003D491D /* FirebasePerformance */; };
		E1B6754C2C0E8462003D491D /* FirebaseRemoteConfig in Frameworks */ = {isa = PBXBuildFile; productRef = E1B6754B2C0E8462003D491D /* FirebaseRemoteConfig */; };
		E1B6754E2C0E8462003D491D /* FirebaseRemoteConfigSwift in Frameworks */ = {isa = PBXBuildFile; productRef = E1B6754D2C0E8462003D491D /* FirebaseRemoteConfigSwift */; };
		E1B675502C0E8462003D491D /* FirebaseStorage in Frameworks */ = {isa = PBXBuildFile; productRef = E1B6754F2C0E8462003D491D /* FirebaseStorage */; };
		E1B675522C0E8462003D491D /* FirebaseStorageCombine-Community in Frameworks */ = {isa = PBXBuildFile; productRef = E1B675512C0E8462003D491D /* FirebaseStorageCombine-Community */; };
		E1B675542C0E8462003D491D /* FirebaseVertexAI-Preview in Frameworks */ = {isa = PBXBuildFile; productRef = E1B675532C0E8462003D491D /* FirebaseVertexAI-Preview */; };
		E1B6755A2C0FE2CB003D491D /* .gitignore in Resources */ = {isa = PBXBuildFile; fileRef = E1B675592C0FE2CB003D491D /* .gitignore */; };
		E1B675722C128145003D491D /* Launch Screen.storyboard in Resources */ = {isa = PBXBuildFile; fileRef = E1B675712C128145003D491D /* Launch Screen.storyboard */; };
		E1B960AC2C4494C000A234D1 /* SettingsViewModel.swift in Sources */ = {isa = PBXBuildFile; fileRef = E1B960AB2C4494C000A234D1 /* SettingsViewModel.swift */; };
		E1B960AE2C4494E600A234D1 /* SettingsScreen.swift in Sources */ = {isa = PBXBuildFile; fileRef = E1B960AD2C4494E600A234D1 /* SettingsScreen.swift */; };
		E1B960B02C4495A000A234D1 /* AuthenticationScreen.swift in Sources */ = {isa = PBXBuildFile; fileRef = E1B960AF2C4495A000A234D1 /* AuthenticationScreen.swift */; };
		E1B960B22C449F4100A234D1 /* UserProfileView.swift in Sources */ = {isa = PBXBuildFile; fileRef = E1B960B12C449F4100A234D1 /* UserProfileView.swift */; };
		E1B960B42C45D6C600A234D1 /* UserProfileViewModel.swift in Sources */ = {isa = PBXBuildFile; fileRef = E1B960B32C45D6C600A234D1 /* UserProfileViewModel.swift */; };
		E1B960B92C45DE0C00A234D1 /* AuthenticationViewModel.swift in Sources */ = {isa = PBXBuildFile; fileRef = E1B960B82C45DE0C00A234D1 /* AuthenticationViewModel.swift */; };
		E1B960BC2C45E19B00A234D1 /* AuthenticationService.swift in Sources */ = {isa = PBXBuildFile; fileRef = E1B960BB2C45E19B00A234D1 /* AuthenticationService.swift */; };
		E1B960BE2C45E1FD00A234D1 /* AuthenticationService+Injection.swift in Sources */ = {isa = PBXBuildFile; fileRef = E1B960BD2C45E1FD00A234D1 /* AuthenticationService+Injection.swift */; };
		E1B960C22C45E3A900A234D1 /* LoginScreen.swift in Sources */ = {isa = PBXBuildFile; fileRef = E1B960C12C45E3A900A234D1 /* LoginScreen.swift */; };
		E1B960C42C45E3EA00A234D1 /* SignUpScreen.swift in Sources */ = {isa = PBXBuildFile; fileRef = E1B960C32C45E3EA00A234D1 /* SignUpScreen.swift */; };
		E1C41D982C7CEA2D006DD686 /* GoogleService-Info.plist in Resources */ = {isa = PBXBuildFile; fileRef = E1C41D972C7CEA2D006DD686 /* GoogleService-Info.plist */; };
		E1E6B4AC2C5C495100916E6E /* HomeScreen.swift in Sources */ = {isa = PBXBuildFile; fileRef = E1E6B4AB2C5C495100916E6E /* HomeScreen.swift */; };
		E1E6B4B12C5E7CD400916E6E /* GoogleSignIn in Frameworks */ = {isa = PBXBuildFile; productRef = E1E6B4B02C5E7CD400916E6E /* GoogleSignIn */; };
		E1E6B4B32C5E7CD400916E6E /* GoogleSignInSwift in Frameworks */ = {isa = PBXBuildFile; productRef = E1E6B4B22C5E7CD400916E6E /* GoogleSignInSwift */; };
		E1E6B4B52C5E83B600916E6E /* GoogleSIgnIn.xcassets in Resources */ = {isa = PBXBuildFile; fileRef = E1E6B4B42C5E83B600916E6E /* GoogleSIgnIn.xcassets */; };
		E1ED456F2C2A5AA500B3D044 /* AppTheme.swift in Sources */ = {isa = PBXBuildFile; fileRef = E1ED456E2C2A5AA500B3D044 /* AppTheme.swift */; };
		E1ED45752C2A5F5000B3D044 /* KeyChain.swift in Sources */ = {isa = PBXBuildFile; fileRef = E1ED45742C2A5F5000B3D044 /* KeyChain.swift */; };
		E1ED45782C2B81F800B3D044 /* WelcomeSheet in Frameworks */ = {isa = PBXBuildFile; productRef = E1ED45772C2B81F800B3D044 /* WelcomeSheet */; };
		E1ED457C2C2B98C000B3D044 /* OnboardingData.swift in Sources */ = {isa = PBXBuildFile; fileRef = E1ED457B2C2B98C000B3D044 /* OnboardingData.swift */; };
		E1ED457E2C2B991600B3D044 /* OnBoardingView.swift in Sources */ = {isa = PBXBuildFile; fileRef = E1ED457D2C2B991600B3D044 /* OnBoardingView.swift */; };
		E1ED45802C2B993900B3D044 /* OnboardingTabView.swift in Sources */ = {isa = PBXBuildFile; fileRef = E1ED457F2C2B993900B3D044 /* OnboardingTabView.swift */; };
		E1ED45842C2B9B4C00B3D044 /* OnboardingButton.swift in Sources */ = {isa = PBXBuildFile; fileRef = E1ED45832C2B9B4C00B3D044 /* OnboardingButton.swift */; };
/* End PBXBuildFile section */

/* Begin PBXFileReference section */
		E10260CD2C76AF98002EA5AD /* PetScreen.swift */ = {isa = PBXFileReference; lastKnownFileType = sourcecode.swift; path = PetScreen.swift; sourceTree = "<group>"; };
		E10260D42C77D8BA002EA5AD /* MatchesScreen.swift */ = {isa = PBXFileReference; lastKnownFileType = sourcecode.swift; path = MatchesScreen.swift; sourceTree = "<group>"; };
		E10260D62C77EC6B002EA5AD /* HomeViewModel.swift */ = {isa = PBXFileReference; lastKnownFileType = sourcecode.swift; path = HomeViewModel.swift; sourceTree = "<group>"; };
		E10260D82C77EEAE002EA5AD /* HomeViewModelDelegate.swift */ = {isa = PBXFileReference; lastKnownFileType = sourcecode.swift; path = HomeViewModelDelegate.swift; sourceTree = "<group>"; };
		E10260DA2C7900E8002EA5AD /* HomeTileView.swift */ = {isa = PBXFileReference; lastKnownFileType = sourcecode.swift; path = HomeTileView.swift; sourceTree = "<group>"; };
		E10260DC2C790301002EA5AD /* PetDetalheView.swift */ = {isa = PBXFileReference; lastKnownFileType = sourcecode.swift; path = PetDetalheView.swift; sourceTree = "<group>"; };
		E123040C2C91D2AE009C5F01 /* PetModel.swift */ = {isa = PBXFileReference; lastKnownFileType = sourcecode.swift; path = PetModel.swift; sourceTree = "<group>"; };
		E123040E2C91D5E6009C5F01 /* PetRepository.swift */ = {isa = PBXFileReference; lastKnownFileType = sourcecode.swift; path = PetRepository.swift; sourceTree = "<group>"; };
		E12304102C91D7B0009C5F01 /* PetRepository+Injection.swift */ = {isa = PBXFileReference; lastKnownFileType = sourcecode.swift; path = "PetRepository+Injection.swift"; sourceTree = "<group>"; };
		E12304122C91EB99009C5F01 /* PetListaScreen.swift */ = {isa = PBXFileReference; lastKnownFileType = sourcecode.swift; path = PetListaScreen.swift; sourceTree = "<group>"; };
		E12304142C91F03E009C5F01 /* PetViewModel.swift */ = {isa = PBXFileReference; lastKnownFileType = sourcecode.swift; path = PetViewModel.swift; sourceTree = "<group>"; };
		E12304162C91F1CA009C5F01 /* PetAddEditView.swift */ = {isa = PBXFileReference; lastKnownFileType = sourcecode.swift; path = PetAddEditView.swift; sourceTree = "<group>"; };
		E12304182C91FC2C009C5F01 /* PetImageLoader.swift */ = {isa = PBXFileReference; lastKnownFileType = sourcecode.swift; path = PetImageLoader.swift; sourceTree = "<group>"; };
		E123041A2C920232009C5F01 /* PhotoModel.swift */ = {isa = PBXFileReference; lastKnownFileType = sourcecode.swift; path = PhotoModel.swift; sourceTree = "<group>"; };
		E12E4A0C2C3F553C00ADF27E /* AbrigoDetalheView.swift */ = {isa = PBXFileReference; lastKnownFileType = sourcecode.swift; path = AbrigoDetalheView.swift; sourceTree = "<group>"; };
		E12E4A112C4204D600ADF27E /* AbrigoRepository+Injection.swift */ = {isa = PBXFileReference; lastKnownFileType = sourcecode.swift; path = "AbrigoRepository+Injection.swift"; sourceTree = "<group>"; };
		E12E4A142C4206E800ADF27E /* Firebase+Injection.swift */ = {isa = PBXFileReference; lastKnownFileType = sourcecode.swift; path = "Firebase+Injection.swift"; sourceTree = "<group>"; };
		E154990E2C826CB8002A3A99 /* GoogleLogInButtonView.swift */ = {isa = PBXFileReference; lastKnownFileType = sourcecode.swift; path = GoogleLogInButtonView.swift; sourceTree = "<group>"; };
		E15499162C836ED1002A3A99 /* AppleLoginButtonView.swift */ = {isa = PBXFileReference; lastKnownFileType = sourcecode.swift; path = AppleLoginButtonView.swift; sourceTree = "<group>"; };
		E15499182C83EC31002A3A99 /* EmailLoginButtonView.swift */ = {isa = PBXFileReference; lastKnownFileType = sourcecode.swift; path = EmailLoginButtonView.swift; sourceTree = "<group>"; };
		E154991A2C85344B002A3A99 /* PrimaryButtonStyle.swift */ = {isa = PBXFileReference; lastKnownFileType = sourcecode.swift; path = PrimaryButtonStyle.swift; sourceTree = "<group>"; };
		E15E8E022C57E2D300284134 /* ProjetoCusco.entitlements */ = {isa = PBXFileReference; lastKnownFileType = text.plist.entitlements; path = ProjetoCusco.entitlements; sourceTree = "<group>"; };
		E15E8E042C585CD800284134 /* CryptoUtils.swift */ = {isa = PBXFileReference; lastKnownFileType = sourcecode.swift; path = CryptoUtils.swift; sourceTree = "<group>"; };
		E188A9B42C34C4520031EC04 /* AppState.swift */ = {isa = PBXFileReference; lastKnownFileType = sourcecode.swift; path = AppState.swift; sourceTree = "<group>"; };
		E188A9B82C39883F0031EC04 /* AbrigoRepository.swift */ = {isa = PBXFileReference; lastKnownFileType = sourcecode.swift; path = AbrigoRepository.swift; sourceTree = "<group>"; };
		E188A9BB2C398AD60031EC04 /* AbrigoModel.swift */ = {isa = PBXFileReference; lastKnownFileType = sourcecode.swift; path = AbrigoModel.swift; sourceTree = "<group>"; };
		E188A9BE2C3996520031EC04 /* AbrigoViewModel.swift */ = {isa = PBXFileReference; lastKnownFileType = sourcecode.swift; path = AbrigoViewModel.swift; sourceTree = "<group>"; };
		E188A9C22C3B0FFA0031EC04 /* AbrigoListaScreen.swift */ = {isa = PBXFileReference; lastKnownFileType = sourcecode.swift; path = AbrigoListaScreen.swift; sourceTree = "<group>"; };
		E188A9C42C3CAB780031EC04 /* AbrigoAddEditView.swift */ = {isa = PBXFileReference; lastKnownFileType = sourcecode.swift; path = AbrigoAddEditView.swift; sourceTree = "<group>"; };
		E19FCAAA2C1F4F5400732192 /* NetworkError.swift */ = {isa = PBXFileReference; lastKnownFileType = sourcecode.swift; path = NetworkError.swift; sourceTree = "<group>"; };
		E19FCAAC2C1F4FC800732192 /* NetworkRequest.swift */ = {isa = PBXFileReference; lastKnownFileType = sourcecode.swift; path = NetworkRequest.swift; sourceTree = "<group>"; };
		E19FCAAE2C1F99A500732192 /* NetworkManager.swift */ = {isa = PBXFileReference; lastKnownFileType = sourcecode.swift; path = NetworkManager.swift; sourceTree = "<group>"; };
		E19FCAB02C1F9B5400732192 /* NetworkManager+Extensions.swift */ = {isa = PBXFileReference; lastKnownFileType = sourcecode.swift; path = "NetworkManager+Extensions.swift"; sourceTree = "<group>"; };
		E1A522572C7519D900E19242 /* HomeModel.swift */ = {isa = PBXFileReference; lastKnownFileType = sourcecode.swift; path = HomeModel.swift; sourceTree = "<group>"; };
		E1A522592C75589C00E19242 /* HomeRepository.swift */ = {isa = PBXFileReference; lastKnownFileType = sourcecode.swift; path = HomeRepository.swift; sourceTree = "<group>"; };
		E1B674FC2C0CAB25003D491D /* ProjetoCusco.app */ = {isa = PBXFileReference; explicitFileType = wrapper.application; includeInIndex = 0; path = ProjetoCusco.app; sourceTree = BUILT_PRODUCTS_DIR; };
		E1B674FF2C0CAB25003D491D /* ProjetoCuscoApp.swift */ = {isa = PBXFileReference; lastKnownFileType = sourcecode.swift; path = ProjetoCuscoApp.swift; sourceTree = "<group>"; };
		E1B675012C0CAB25003D491D /* ContentView.swift */ = {isa = PBXFileReference; lastKnownFileType = sourcecode.swift; path = ContentView.swift; sourceTree = "<group>"; };
		E1B675032C0CAB26003D491D /* Assets.xcassets */ = {isa = PBXFileReference; lastKnownFileType = folder.assetcatalog; path = Assets.xcassets; sourceTree = "<group>"; };
		E1B675062C0CAB26003D491D /* Preview Assets.xcassets */ = {isa = PBXFileReference; lastKnownFileType = folder.assetcatalog; path = "Preview Assets.xcassets"; sourceTree = "<group>"; };
		E1B6750E2C0CB05B003D491D /* .swiftlint.yml */ = {isa = PBXFileReference; fileEncoding = 4; lastKnownFileType = text.yaml; path = .swiftlint.yml; sourceTree = SOURCE_ROOT; };
		E1B675122C0CE75E003D491D /* Localizable.xcstrings */ = {isa = PBXFileReference; lastKnownFileType = text.json.xcstrings; path = Localizable.xcstrings; sourceTree = "<group>"; };
		E1B675592C0FE2CB003D491D /* .gitignore */ = {isa = PBXFileReference; fileEncoding = 4; lastKnownFileType = text; path = .gitignore; sourceTree = "<group>"; };
		E1B675712C128145003D491D /* Launch Screen.storyboard */ = {isa = PBXFileReference; lastKnownFileType = file.storyboard; path = "Launch Screen.storyboard"; sourceTree = "<group>"; };
		E1B960AB2C4494C000A234D1 /* SettingsViewModel.swift */ = {isa = PBXFileReference; lastKnownFileType = sourcecode.swift; path = SettingsViewModel.swift; sourceTree = "<group>"; };
		E1B960AD2C4494E600A234D1 /* SettingsScreen.swift */ = {isa = PBXFileReference; lastKnownFileType = sourcecode.swift; path = SettingsScreen.swift; sourceTree = "<group>"; };
		E1B960AF2C4495A000A234D1 /* AuthenticationScreen.swift */ = {isa = PBXFileReference; lastKnownFileType = sourcecode.swift; path = AuthenticationScreen.swift; sourceTree = "<group>"; };
		E1B960B12C449F4100A234D1 /* UserProfileView.swift */ = {isa = PBXFileReference; lastKnownFileType = sourcecode.swift; path = UserProfileView.swift; sourceTree = "<group>"; };
		E1B960B32C45D6C600A234D1 /* UserProfileViewModel.swift */ = {isa = PBXFileReference; lastKnownFileType = sourcecode.swift; path = UserProfileViewModel.swift; sourceTree = "<group>"; };
		E1B960B82C45DE0C00A234D1 /* AuthenticationViewModel.swift */ = {isa = PBXFileReference; lastKnownFileType = sourcecode.swift; path = AuthenticationViewModel.swift; sourceTree = "<group>"; };
		E1B960BB2C45E19B00A234D1 /* AuthenticationService.swift */ = {isa = PBXFileReference; lastKnownFileType = sourcecode.swift; path = AuthenticationService.swift; sourceTree = "<group>"; };
		E1B960BD2C45E1FD00A234D1 /* AuthenticationService+Injection.swift */ = {isa = PBXFileReference; lastKnownFileType = sourcecode.swift; path = "AuthenticationService+Injection.swift"; sourceTree = "<group>"; };
		E1B960C12C45E3A900A234D1 /* LoginScreen.swift */ = {isa = PBXFileReference; lastKnownFileType = sourcecode.swift; path = LoginScreen.swift; sourceTree = "<group>"; };
		E1B960C32C45E3EA00A234D1 /* SignUpScreen.swift */ = {isa = PBXFileReference; lastKnownFileType = sourcecode.swift; path = SignUpScreen.swift; sourceTree = "<group>"; };
		E1C41D962C7CE8B4006DD686 /* Info.plist */ = {isa = PBXFileReference; lastKnownFileType = text.plist; path = Info.plist; sourceTree = "<group>"; };
		E1C41D972C7CEA2D006DD686 /* GoogleService-Info.plist */ = {isa = PBXFileReference; lastKnownFileType = text.plist.xml; path = "GoogleService-Info.plist"; sourceTree = "<group>"; };
		E1E6B4AB2C5C495100916E6E /* HomeScreen.swift */ = {isa = PBXFileReference; lastKnownFileType = sourcecode.swift; path = HomeScreen.swift; sourceTree = "<group>"; };
		E1E6B4B42C5E83B600916E6E /* GoogleSIgnIn.xcassets */ = {isa = PBXFileReference; lastKnownFileType = folder.assetcatalog; path = GoogleSIgnIn.xcassets; sourceTree = "<group>"; };
		E1ED456E2C2A5AA500B3D044 /* AppTheme.swift */ = {isa = PBXFileReference; lastKnownFileType = sourcecode.swift; path = AppTheme.swift; sourceTree = "<group>"; };
		E1ED45742C2A5F5000B3D044 /* KeyChain.swift */ = {isa = PBXFileReference; lastKnownFileType = sourcecode.swift; path = KeyChain.swift; sourceTree = "<group>"; };
		E1ED457B2C2B98C000B3D044 /* OnboardingData.swift */ = {isa = PBXFileReference; lastKnownFileType = sourcecode.swift; path = OnboardingData.swift; sourceTree = "<group>"; };
		E1ED457D2C2B991600B3D044 /* OnBoardingView.swift */ = {isa = PBXFileReference; lastKnownFileType = sourcecode.swift; path = OnBoardingView.swift; sourceTree = "<group>"; };
		E1ED457F2C2B993900B3D044 /* OnboardingTabView.swift */ = {isa = PBXFileReference; lastKnownFileType = sourcecode.swift; path = OnboardingTabView.swift; sourceTree = "<group>"; };
		E1ED45832C2B9B4C00B3D044 /* OnboardingButton.swift */ = {isa = PBXFileReference; lastKnownFileType = sourcecode.swift; path = OnboardingButton.swift; sourceTree = "<group>"; };
/* End PBXFileReference section */

/* Begin PBXFrameworksBuildPhase section */
		E1B674F92C0CAB25003D491D /* Frameworks */ = {
			isa = PBXFrameworksBuildPhase;
			buildActionMask = 2147483647;
			files = (
				E1B675302C0E8462003D491D /* FirebaseDatabase in Frameworks */,
				E10260D12C77D124002EA5AD /* SwiftfulRouting in Frameworks */,
				E1B6753E2C0E8462003D491D /* FirebaseFunctionsCombine-Community in Frameworks */,
				E1B675362C0E8462003D491D /* FirebaseFirestore in Frameworks */,
				E1E6B4B32C5E7CD400916E6E /* GoogleSignInSwift in Frameworks */,
				E1B675222C0E8462003D491D /* FirebaseAnalyticsSwift in Frameworks */,
				E1B6751E2C0E8462003D491D /* FirebaseAnalytics in Frameworks */,
				E1B675202C0E8462003D491D /* FirebaseAnalyticsOnDeviceConversion in Frameworks */,
				E1B675462C0E8462003D491D /* FirebaseMLModelDownloader in Frameworks */,
				E1E6B4B12C5E7CD400916E6E /* GoogleSignIn in Frameworks */,
				E1ED45782C2B81F800B3D044 /* WelcomeSheet in Frameworks */,
				E1B6753A2C0E8462003D491D /* FirebaseFirestoreSwift in Frameworks */,
				E1B675262C0E8462003D491D /* FirebaseAppCheck in Frameworks */,
				E1B675242C0E8462003D491D /* FirebaseAnalyticsWithoutAdIdSupport in Frameworks */,
				E1B6752A2C0E8462003D491D /* FirebaseAuth in Frameworks */,
				E1B6752E2C0E8462003D491D /* FirebaseCrashlytics in Frameworks */,
				E1B6754E2C0E8462003D491D /* FirebaseRemoteConfigSwift in Frameworks */,
				E1B675402C0E8462003D491D /* FirebaseInAppMessaging-Beta in Frameworks */,
				E1B675322C0E8462003D491D /* FirebaseDatabaseSwift in Frameworks */,
				E1B6753C2C0E8462003D491D /* FirebaseFunctions in Frameworks */,
				E1B675522C0E8462003D491D /* FirebaseStorageCombine-Community in Frameworks */,
				E1B6754C2C0E8462003D491D /* FirebaseRemoteConfig in Frameworks */,
				E1B675282C0E8462003D491D /* FirebaseAppDistribution-Beta in Frameworks */,
				E1B6752C2C0E8462003D491D /* FirebaseAuthCombine-Community in Frameworks */,
				E12E4A102C4203BC00ADF27E /* Factory in Frameworks */,
				E1B6754A2C0E8462003D491D /* FirebasePerformance in Frameworks */,
				E1B675422C0E8462003D491D /* FirebaseInAppMessagingSwift-Beta in Frameworks */,
				E1B675502C0E8462003D491D /* FirebaseStorage in Frameworks */,
				E1B675342C0E8462003D491D /* FirebaseDynamicLinks in Frameworks */,
				E1B675542C0E8462003D491D /* FirebaseVertexAI-Preview in Frameworks */,
				E1B675382C0E8462003D491D /* FirebaseFirestoreCombine-Community in Frameworks */,
				E1B675482C0E8462003D491D /* FirebaseMessaging in Frameworks */,
				E1B675442C0E8462003D491D /* FirebaseInstallations in Frameworks */,
			);
			runOnlyForDeploymentPostprocessing = 0;
		};
/* End PBXFrameworksBuildPhase section */

/* Begin PBXGroup section */
		E10260D22C77D5FE002EA5AD /* Matches */ = {
			isa = PBXGroup;
			children = (
				E10260D32C77D8A9002EA5AD /* Screens */,
			);
			path = Matches;
			sourceTree = "<group>";
		};
		E10260D32C77D8A9002EA5AD /* Screens */ = {
			isa = PBXGroup;
			children = (
				E10260D42C77D8BA002EA5AD /* MatchesScreen.swift */,
			);
			path = Screens;
			sourceTree = "<group>";
		};
		E12E4A132C42069100ADF27E /* Firebase */ = {
			isa = PBXGroup;
			children = (
				E12E4A142C4206E800ADF27E /* Firebase+Injection.swift */,
			);
			path = Firebase;
			sourceTree = "<group>";
		};
		E15E8E032C585CBF00284134 /* Utilities */ = {
			isa = PBXGroup;
			children = (
				E15E8E042C585CD800284134 /* CryptoUtils.swift */,
			);
			path = Utilities;
			sourceTree = "<group>";
		};
		E15E8E062C592EA300284134 /* Screen */ = {
			isa = PBXGroup;
			children = (
				E1E6B4AB2C5C495100916E6E /* HomeScreen.swift */,
			);
			path = Screen;
			sourceTree = "<group>";
		};
		E188A9B32C34C4450031EC04 /* Base */ = {
			isa = PBXGroup;
			children = (
				E12E4A132C42069100ADF27E /* Firebase */,
				E188A9B42C34C4520031EC04 /* AppState.swift */,
			);
			path = Base;
			sourceTree = "<group>";
		};
		E188A9B62C397F970031EC04 /* Repository */ = {
			isa = PBXGroup;
			children = (
				E188A9B82C39883F0031EC04 /* AbrigoRepository.swift */,
				E12E4A112C4204D600ADF27E /* AbrigoRepository+Injection.swift */,
			);
			path = Repository;
			sourceTree = "<group>";
		};
		E188A9B72C3980DA0031EC04 /* Abrigo */ = {
			isa = PBXGroup;
			children = (
				E188A9BA2C398A270031EC04 /* Model */,
				E188A9B62C397F970031EC04 /* Repository */,
				E188A9C02C3B0FCE0031EC04 /* Screen */,
				E188A9C12C3B0FD80031EC04 /* View */,
				E188A9BD2C3996430031EC04 /* ViewModel */,
			);
			path = Abrigo;
			sourceTree = "<group>";
		};
		E188A9BA2C398A270031EC04 /* Model */ = {
			isa = PBXGroup;
			children = (
				E188A9BB2C398AD60031EC04 /* AbrigoModel.swift */,
			);
			path = Model;
			sourceTree = "<group>";
		};
		E188A9BD2C3996430031EC04 /* ViewModel */ = {
			isa = PBXGroup;
			children = (
				E188A9BE2C3996520031EC04 /* AbrigoViewModel.swift */,
			);
			path = ViewModel;
			sourceTree = "<group>";
		};
		E188A9C02C3B0FCE0031EC04 /* Screen */ = {
			isa = PBXGroup;
			children = (
				E188A9C22C3B0FFA0031EC04 /* AbrigoListaScreen.swift */,
			);
			path = Screen;
			sourceTree = "<group>";
		};
		E188A9C12C3B0FD80031EC04 /* View */ = {
			isa = PBXGroup;
			children = (
				E188A9C42C3CAB780031EC04 /* AbrigoAddEditView.swift */,
				E12E4A0C2C3F553C00ADF27E /* AbrigoDetalheView.swift */,
			);
			path = View;
			sourceTree = "<group>";
		};
		E19FCAA72C1A837300732192 /* Networking */ = {
			isa = PBXGroup;
			children = (
				E19FCAAC2C1F4FC800732192 /* NetworkRequest.swift */,
				E19FCAAA2C1F4F5400732192 /* NetworkError.swift */,
				E19FCAAE2C1F99A500732192 /* NetworkManager.swift */,
				E19FCAB02C1F9B5400732192 /* NetworkManager+Extensions.swift */,
			);
			path = Networking;
			sourceTree = "<group>";
		};
		E19FCAA82C1A838D00732192 /* Themes */ = {
			isa = PBXGroup;
			children = (
				E1ED456E2C2A5AA500B3D044 /* AppTheme.swift */,
				E154991A2C85344B002A3A99 /* PrimaryButtonStyle.swift */,
			);
			path = Themes;
			sourceTree = "<group>";
		};
		E19FCAA92C1BA6D800732192 /* Onboarding */ = {
			isa = PBXGroup;
			children = (
				E1ED45832C2B9B4C00B3D044 /* OnboardingButton.swift */,
				E1ED457F2C2B993900B3D044 /* OnboardingTabView.swift */,
				E1ED457D2C2B991600B3D044 /* OnBoardingView.swift */,
				E1ED457B2C2B98C000B3D044 /* OnboardingData.swift */,
			);
			path = Onboarding;
			sourceTree = "<group>";
		};
		E1A5224C2C74035C00E19242 /* Model */ = {
			isa = PBXGroup;
			children = (
				E1A522572C7519D900E19242 /* HomeModel.swift */,
			);
			path = Model;
			sourceTree = "<group>";
		};
		E1A5224D2C74036800E19242 /* Repository */ = {
			isa = PBXGroup;
			children = (
				E1A522592C75589C00E19242 /* HomeRepository.swift */,
			);
			path = Repository;
			sourceTree = "<group>";
		};
		E1A5224E2C74037E00E19242 /* View */ = {
			isa = PBXGroup;
			children = (
				E10260DA2C7900E8002EA5AD /* HomeTileView.swift */,
			);
			path = View;
			sourceTree = "<group>";
		};
		E1A5224F2C74038C00E19242 /* ViewModel */ = {
			isa = PBXGroup;
			children = (
				E10260D62C77EC6B002EA5AD /* HomeViewModel.swift */,
				E10260D82C77EEAE002EA5AD /* HomeViewModelDelegate.swift */,
			);
			path = ViewModel;
			sourceTree = "<group>";
		};
		E1A522502C74051300E19242 /* Pet */ = {
			isa = PBXGroup;
			children = (
				E1A522512C74051C00E19242 /* Model */,
				E1A522552C74054B00E19242 /* Repository */,
				E1A522522C74052C00E19242 /* Screen */,
				E1A522542C74054100E19242 /* View */,
				E1A522532C74053400E19242 /* ViewModel */,
			);
			path = Pet;
			sourceTree = "<group>";
		};
		E1A522512C74051C00E19242 /* Model */ = {
			isa = PBXGroup;
			children = (
				E123040C2C91D2AE009C5F01 /* PetModel.swift */,
				E123041A2C920232009C5F01 /* PhotoModel.swift */,
			);
			path = Model;
			sourceTree = "<group>";
		};
		E1A522522C74052C00E19242 /* Screen */ = {
			isa = PBXGroup;
			children = (
				E10260CD2C76AF98002EA5AD /* PetScreen.swift */,
				E12304122C91EB99009C5F01 /* PetListaScreen.swift */,
			);
			path = Screen;
			sourceTree = "<group>";
		};
		E1A522532C74053400E19242 /* ViewModel */ = {
			isa = PBXGroup;
			children = (
				E12304142C91F03E009C5F01 /* PetViewModel.swift */,
				E12304182C91FC2C009C5F01 /* PetImageLoader.swift */,
			);
			path = ViewModel;
			sourceTree = "<group>";
		};
		E1A522542C74054100E19242 /* View */ = {
			isa = PBXGroup;
			children = (
				E10260DC2C790301002EA5AD /* PetDetalheView.swift */,
				E12304162C91F1CA009C5F01 /* PetAddEditView.swift */,
			);
			path = View;
			sourceTree = "<group>";
		};
		E1A522552C74054B00E19242 /* Repository */ = {
			isa = PBXGroup;
			children = (
				E123040E2C91D5E6009C5F01 /* PetRepository.swift */,
				E12304102C91D7B0009C5F01 /* PetRepository+Injection.swift */,
			);
			path = Repository;
			sourceTree = "<group>";
		};
		E1AAA2822C7FE27D00E7B740 /* Perfil */ = {
			isa = PBXGroup;
			children = (
				E1AAA2842C7FE29600E7B740 /* Model */,
				E1AAA2852C7FE2AD00E7B740 /* Screen */,
				E1AAA2862C7FE2B500E7B740 /* View */,
				E1AAA2832C7FE28B00E7B740 /* ViewModel */,
			);
			path = Perfil;
			sourceTree = "<group>";
		};
		E1AAA2832C7FE28B00E7B740 /* ViewModel */ = {
			isa = PBXGroup;
			children = (
				E1B960B32C45D6C600A234D1 /* UserProfileViewModel.swift */,
			);
			path = ViewModel;
			sourceTree = "<group>";
		};
		E1AAA2842C7FE29600E7B740 /* Model */ = {
			isa = PBXGroup;
			children = (
			);
			path = Model;
			sourceTree = "<group>";
		};
		E1AAA2852C7FE2AD00E7B740 /* Screen */ = {
			isa = PBXGroup;
			children = (
			);
			path = Screen;
			sourceTree = "<group>";
		};
		E1AAA2862C7FE2B500E7B740 /* View */ = {
			isa = PBXGroup;
			children = (
				E1B960B12C449F4100A234D1 /* UserProfileView.swift */,
			);
			path = View;
			sourceTree = "<group>";
		};
		E1B674F32C0CAB25003D491D = {
			isa = PBXGroup;
			children = (
				E1C41D972C7CEA2D006DD686 /* GoogleService-Info.plist */,
				E1B675592C0FE2CB003D491D /* .gitignore */,
				E1B6750E2C0CB05B003D491D /* .swiftlint.yml */,
				E1B674FE2C0CAB25003D491D /* ProjetoCusco */,
				E1B674FD2C0CAB25003D491D /* Products */,
			);
			sourceTree = "<group>";
		};
		E1B674FD2C0CAB25003D491D /* Products */ = {
			isa = PBXGroup;
			children = (
				E1B674FC2C0CAB25003D491D /* ProjetoCusco.app */,
			);
			name = Products;
			sourceTree = "<group>";
		};
		E1B674FE2C0CAB25003D491D /* ProjetoCusco */ = {
			isa = PBXGroup;
			children = (
				E1C41D962C7CE8B4006DD686 /* Info.plist */,
				E15E8E022C57E2D300284134 /* ProjetoCusco.entitlements */,
				E1B675142C0D33FC003D491D /* Code */,
				E1B675012C0CAB25003D491D /* ContentView.swift */,
				E1B675052C0CAB26003D491D /* Preview Content */,
				E1B674FF2C0CAB25003D491D /* ProjetoCuscoApp.swift */,
				E1B675172C0D3420003D491D /* Resources */,
				E1B675102C0CE6E7003D491D /* SupportingFiles */,
			);
			path = ProjetoCusco;
			sourceTree = "<group>";
		};
		E1B675052C0CAB26003D491D /* Preview Content */ = {
			isa = PBXGroup;
			children = (
				E1B675062C0CAB26003D491D /* Preview Assets.xcassets */,
			);
			path = "Preview Content";
			sourceTree = "<group>";
		};
		E1B675102C0CE6E7003D491D /* SupportingFiles */ = {
			isa = PBXGroup;
			children = (
				E1B675712C128145003D491D /* Launch Screen.storyboard */,
				E1B675112C0CE733003D491D /* Localization */,
			);
			path = SupportingFiles;
			sourceTree = "<group>";
		};
		E1B675112C0CE733003D491D /* Localization */ = {
			isa = PBXGroup;
			children = (
				E1B675122C0CE75E003D491D /* Localizable.xcstrings */,
			);
			path = Localization;
			sourceTree = "<group>";
		};
		E1B675142C0D33FC003D491D /* Code */ = {
			isa = PBXGroup;
			children = (
				E188A9B32C34C4450031EC04 /* Base */,
				E1B675152C0D3407003D491D /* Features */,
				E19FCAA72C1A837300732192 /* Networking */,
				E19FCAA92C1BA6D800732192 /* Onboarding */,
			);
			path = Code;
			sourceTree = "<group>";
		};
		E1B675152C0D3407003D491D /* Features */ = {
			isa = PBXGroup;
			children = (
				E188A9B72C3980DA0031EC04 /* Abrigo */,
				E1B6751B2C0D34A2003D491D /* Ajustes */,
				E1B960A62C4493C300A234D1 /* Autenticacao */,
				E1B675182C0D3481003D491D /* Common */,
				E1B675192C0D3492003D491D /* Home */,
				E10260D22C77D5FE002EA5AD /* Matches */,
				E1AAA2822C7FE27D00E7B740 /* Perfil */,
				E1A522502C74051300E19242 /* Pet */,
			);
			path = Features;
			sourceTree = "<group>";
		};
		E1B675172C0D3420003D491D /* Resources */ = {
			isa = PBXGroup;
			children = (
				E1B675032C0CAB26003D491D /* Assets.xcassets */,
				E1E6B4B42C5E83B600916E6E /* GoogleSIgnIn.xcassets */,
			);
			path = Resources;
			sourceTree = "<group>";
		};
		E1B675182C0D3481003D491D /* Common */ = {
			isa = PBXGroup;
			children = (
				E19FCAA82C1A838D00732192 /* Themes */,
			);
			path = Common;
			sourceTree = "<group>";
		};
		E1B675192C0D3492003D491D /* Home */ = {
			isa = PBXGroup;
			children = (
				E1A5224C2C74035C00E19242 /* Model */,
				E1A5224D2C74036800E19242 /* Repository */,
				E15E8E062C592EA300284134 /* Screen */,
				E1A5224E2C74037E00E19242 /* View */,
				E1A5224F2C74038C00E19242 /* ViewModel */,
			);
			path = Home;
			sourceTree = "<group>";
		};
		E1B6751B2C0D34A2003D491D /* Ajustes */ = {
			isa = PBXGroup;
			children = (
				E1ED45742C2A5F5000B3D044 /* KeyChain.swift */,
				E1B960A72C4493DD00A234D1 /* Model */,
				E1B960A82C4493E900A234D1 /* Screen */,
				E1B960A92C4493F400A234D1 /* View */,
				E1B960AA2C4494B800A234D1 /* ViewModel */,
			);
			path = Ajustes;
			sourceTree = "<group>";
		};
		E1B960A62C4493C300A234D1 /* Autenticacao */ = {
			isa = PBXGroup;
			children = (
				E15E8E032C585CBF00284134 /* Utilities */,
				E1B960BA2C45DE5800A234D1 /* Services */,
				E1B960B72C45DB4700A234D1 /* Screen */,
				E1B960B52C45DB2A00A234D1 /* View */,
				E1B960B62C45DB3400A234D1 /* ViewModel */,
			);
			path = Autenticacao;
			sourceTree = "<group>";
		};
		E1B960A72C4493DD00A234D1 /* Model */ = {
			isa = PBXGroup;
			children = (
			);
			path = Model;
			sourceTree = "<group>";
		};
		E1B960A82C4493E900A234D1 /* Screen */ = {
			isa = PBXGroup;
			children = (
				E1B960AD2C4494E600A234D1 /* SettingsScreen.swift */,
			);
			path = Screen;
			sourceTree = "<group>";
		};
		E1B960A92C4493F400A234D1 /* View */ = {
			isa = PBXGroup;
			children = (
			);
			path = View;
			sourceTree = "<group>";
		};
		E1B960AA2C4494B800A234D1 /* ViewModel */ = {
			isa = PBXGroup;
			children = (
				E1B960AB2C4494C000A234D1 /* SettingsViewModel.swift */,
			);
			path = ViewModel;
			sourceTree = "<group>";
		};
		E1B960B52C45DB2A00A234D1 /* View */ = {
			isa = PBXGroup;
			children = (
				E154990E2C826CB8002A3A99 /* GoogleLogInButtonView.swift */,
				E15499162C836ED1002A3A99 /* AppleLoginButtonView.swift */,
				E15499182C83EC31002A3A99 /* EmailLoginButtonView.swift */,
			);
			path = View;
			sourceTree = "<group>";
		};
		E1B960B62C45DB3400A234D1 /* ViewModel */ = {
			isa = PBXGroup;
			children = (
				E1B960B82C45DE0C00A234D1 /* AuthenticationViewModel.swift */,
			);
			path = ViewModel;
			sourceTree = "<group>";
		};
		E1B960B72C45DB4700A234D1 /* Screen */ = {
			isa = PBXGroup;
			children = (
				E1B960AF2C4495A000A234D1 /* AuthenticationScreen.swift */,
				E1B960C12C45E3A900A234D1 /* LoginScreen.swift */,
				E1B960C32C45E3EA00A234D1 /* SignUpScreen.swift */,
			);
			path = Screen;
			sourceTree = "<group>";
		};
		E1B960BA2C45DE5800A234D1 /* Services */ = {
			isa = PBXGroup;
			children = (
				E1B960BB2C45E19B00A234D1 /* AuthenticationService.swift */,
				E1B960BD2C45E1FD00A234D1 /* AuthenticationService+Injection.swift */,
			);
			path = Services;
			sourceTree = "<group>";
		};
/* End PBXGroup section */

/* Begin PBXNativeTarget section */
		E1B674FB2C0CAB25003D491D /* ProjetoCusco */ = {
			isa = PBXNativeTarget;
			buildConfigurationList = E1B6750A2C0CAB26003D491D /* Build configuration list for PBXNativeTarget "ProjetoCusco" */;
			buildPhases = (
				E1B674F82C0CAB25003D491D /* Sources */,
				E1B674F92C0CAB25003D491D /* Frameworks */,
				E1B674FA2C0CAB25003D491D /* Resources */,
				E1B6750D2C0CAB91003D491D /* SwiftLint */,
			);
			buildRules = (
			);
			dependencies = (
			);
			name = ProjetoCusco;
			packageProductDependencies = (
				E1B6751D2C0E8462003D491D /* FirebaseAnalytics */,
				E1B6751F2C0E8462003D491D /* FirebaseAnalyticsOnDeviceConversion */,
				E1B675212C0E8462003D491D /* FirebaseAnalyticsSwift */,
				E1B675232C0E8462003D491D /* FirebaseAnalyticsWithoutAdIdSupport */,
				E1B675252C0E8462003D491D /* FirebaseAppCheck */,
				E1B675272C0E8462003D491D /* FirebaseAppDistribution-Beta */,
				E1B675292C0E8462003D491D /* FirebaseAuth */,
				E1B6752B2C0E8462003D491D /* FirebaseAuthCombine-Community */,
				E1B6752D2C0E8462003D491D /* FirebaseCrashlytics */,
				E1B6752F2C0E8462003D491D /* FirebaseDatabase */,
				E1B675312C0E8462003D491D /* FirebaseDatabaseSwift */,
				E1B675332C0E8462003D491D /* FirebaseDynamicLinks */,
				E1B675352C0E8462003D491D /* FirebaseFirestore */,
				E1B675372C0E8462003D491D /* FirebaseFirestoreCombine-Community */,
				E1B675392C0E8462003D491D /* FirebaseFirestoreSwift */,
				E1B6753B2C0E8462003D491D /* FirebaseFunctions */,
				E1B6753D2C0E8462003D491D /* FirebaseFunctionsCombine-Community */,
				E1B6753F2C0E8462003D491D /* FirebaseInAppMessaging-Beta */,
				E1B675412C0E8462003D491D /* FirebaseInAppMessagingSwift-Beta */,
				E1B675432C0E8462003D491D /* FirebaseInstallations */,
				E1B675452C0E8462003D491D /* FirebaseMLModelDownloader */,
				E1B675472C0E8462003D491D /* FirebaseMessaging */,
				E1B675492C0E8462003D491D /* FirebasePerformance */,
				E1B6754B2C0E8462003D491D /* FirebaseRemoteConfig */,
				E1B6754D2C0E8462003D491D /* FirebaseRemoteConfigSwift */,
				E1B6754F2C0E8462003D491D /* FirebaseStorage */,
				E1B675512C0E8462003D491D /* FirebaseStorageCombine-Community */,
				E1B675532C0E8462003D491D /* FirebaseVertexAI-Preview */,
				E1ED45772C2B81F800B3D044 /* WelcomeSheet */,
				E12E4A0F2C4203BC00ADF27E /* Factory */,
				E1E6B4B02C5E7CD400916E6E /* GoogleSignIn */,
				E1E6B4B22C5E7CD400916E6E /* GoogleSignInSwift */,
				E10260D02C77D124002EA5AD /* SwiftfulRouting */,
			);
			productName = ProjetoCusco;
			productReference = E1B674FC2C0CAB25003D491D /* ProjetoCusco.app */;
			productType = "com.apple.product-type.application";
		};
/* End PBXNativeTarget section */

/* Begin PBXProject section */
		E1B674F42C0CAB25003D491D /* Project object */ = {
			isa = PBXProject;
			attributes = {
				BuildIndependentTargetsInParallel = 1;
				LastSwiftUpdateCheck = 1540;
				LastUpgradeCheck = 1540;
				TargetAttributes = {
					E1B674FB2C0CAB25003D491D = {
						CreatedOnToolsVersion = 15.4;
					};
				};
			};
			buildConfigurationList = E1B674F72C0CAB25003D491D /* Build configuration list for PBXProject "ProjetoCusco" */;
			compatibilityVersion = "Xcode 14.0";
			developmentRegion = en;
			hasScannedForEncodings = 0;
			knownRegions = (
				en,
				Base,
				"es-419",
				"pt-BR",
			);
			mainGroup = E1B674F32C0CAB25003D491D;
			packageReferences = (
				E1B6751C2C0E8461003D491D /* XCRemoteSwiftPackageReference "firebase-ios-sdk" */,
				E1ED45762C2B81F800B3D044 /* XCRemoteSwiftPackageReference "Welcome-Sheet" */,
				E12E4A0E2C4203BC00ADF27E /* XCRemoteSwiftPackageReference "Factory" */,
				E1E6B4AF2C5E7CD400916E6E /* XCRemoteSwiftPackageReference "GoogleSignIn-iOS" */,
				E10260CF2C77D124002EA5AD /* XCRemoteSwiftPackageReference "SwiftfulRouting" */,
			);
			productRefGroup = E1B674FD2C0CAB25003D491D /* Products */;
			projectDirPath = "";
			projectRoot = "";
			targets = (
				E1B674FB2C0CAB25003D491D /* ProjetoCusco */,
			);
		};
/* End PBXProject section */

/* Begin PBXResourcesBuildPhase section */
		E1B674FA2C0CAB25003D491D /* Resources */ = {
			isa = PBXResourcesBuildPhase;
			buildActionMask = 2147483647;
			files = (
				E1B6750F2C0CB05B003D491D /* .swiftlint.yml in Resources */,
				E1C41D982C7CEA2D006DD686 /* GoogleService-Info.plist in Resources */,
				E1B675072C0CAB26003D491D /* Preview Assets.xcassets in Resources */,
				E1B675132C0CE75E003D491D /* Localizable.xcstrings in Resources */,
				E1B6755A2C0FE2CB003D491D /* .gitignore in Resources */,
				E1B675042C0CAB26003D491D /* Assets.xcassets in Resources */,
				E1E6B4B52C5E83B600916E6E /* GoogleSIgnIn.xcassets in Resources */,
				E1B675722C128145003D491D /* Launch Screen.storyboard in Resources */,
			);
			runOnlyForDeploymentPostprocessing = 0;
		};
/* End PBXResourcesBuildPhase section */

/* Begin PBXShellScriptBuildPhase section */
		E1B6750D2C0CAB91003D491D /* SwiftLint */ = {
			isa = PBXShellScriptBuildPhase;
			alwaysOutOfDate = 1;
			buildActionMask = 2147483647;
			files = (
			);
			inputFileListPaths = (
			);
			inputPaths = (
			);
			name = SwiftLint;
			outputFileListPaths = (
			);
			outputPaths = (
			);
			runOnlyForDeploymentPostprocessing = 0;
			shellPath = /bin/sh;
			shellScript = "# Type a script or drag a script file from your workspace to insert its path.\nif [[ \"$(uname -m)\" == arm64 ]]; then\n    export PATH=\"/opt/homebrew/bin:$PATH\"\nfi\n\nif which swiftlint > /dev/null; then\n  swiftlint\nelse\n  echo \"warning: SwiftLint not installed, download from https://github.com/realm/SwiftLint\"\nfi\n";
		};
/* End PBXShellScriptBuildPhase section */

/* Begin PBXSourcesBuildPhase section */
		E1B674F82C0CAB25003D491D /* Sources */ = {
			isa = PBXSourcesBuildPhase;
			buildActionMask = 2147483647;
			files = (
				E10260DD2C790301002EA5AD /* PetDetalheView.swift in Sources */,
				E1B960B22C449F4100A234D1 /* UserProfileView.swift in Sources */,
				E1B960AC2C4494C000A234D1 /* SettingsViewModel.swift in Sources */,
				E123040D2C91D2AE009C5F01 /* PetModel.swift in Sources */,
				E19FCAAD2C1F4FC800732192 /* NetworkRequest.swift in Sources */,
				E10260D72C77EC6B002EA5AD /* HomeViewModel.swift in Sources */,
				E123040F2C91D5E6009C5F01 /* PetRepository.swift in Sources */,
				E1B960B92C45DE0C00A234D1 /* AuthenticationViewModel.swift in Sources */,
				E1ED45842C2B9B4C00B3D044 /* OnboardingButton.swift in Sources */,
				E10260D52C77D8BA002EA5AD /* MatchesScreen.swift in Sources */,
				E15E8E052C585CD800284134 /* CryptoUtils.swift in Sources */,
				E1A522582C7519D900E19242 /* HomeModel.swift in Sources */,
				E1ED456F2C2A5AA500B3D044 /* AppTheme.swift in Sources */,
				E19FCAB12C1F9B5400732192 /* NetworkManager+Extensions.swift in Sources */,
				E19FCAAB2C1F4F5400732192 /* NetworkError.swift in Sources */,
				E12304112C91D7B0009C5F01 /* PetRepository+Injection.swift in Sources */,
				E12304152C91F03E009C5F01 /* PetViewModel.swift in Sources */,
				E1B960BC2C45E19B00A234D1 /* AuthenticationService.swift in Sources */,
				E1ED45752C2A5F5000B3D044 /* KeyChain.swift in Sources */,
				E1ED457E2C2B991600B3D044 /* OnBoardingView.swift in Sources */,
				E1B960C42C45E3EA00A234D1 /* SignUpScreen.swift in Sources */,
				E1B960B02C4495A000A234D1 /* AuthenticationScreen.swift in Sources */,
				E12304192C91FC2C009C5F01 /* PetImageLoader.swift in Sources */,
				E1B675022C0CAB25003D491D /* ContentView.swift in Sources */,
				E12E4A122C4204D600ADF27E /* AbrigoRepository+Injection.swift in Sources */,
				E1ED457C2C2B98C000B3D044 /* OnboardingData.swift in Sources */,
				E188A9C32C3B0FFA0031EC04 /* AbrigoListaScreen.swift in Sources */,
				E1B960C22C45E3A900A234D1 /* LoginScreen.swift in Sources */,
				E188A9BF2C3996520031EC04 /* AbrigoViewModel.swift in Sources */,
				E1A5225A2C75589C00E19242 /* HomeRepository.swift in Sources */,
				E188A9B92C39883F0031EC04 /* AbrigoRepository.swift in Sources */,
				E12E4A152C4206E800ADF27E /* Firebase+Injection.swift in Sources */,
				E1E6B4AC2C5C495100916E6E /* HomeScreen.swift in Sources */,
				E12E4A0D2C3F553C00ADF27E /* AbrigoDetalheView.swift in Sources */,
				E1B675002C0CAB25003D491D /* ProjetoCuscoApp.swift in Sources */,
				E12304132C91EB99009C5F01 /* PetListaScreen.swift in Sources */,
				E1ED45802C2B993900B3D044 /* OnboardingTabView.swift in Sources */,
				E19FCAAF2C1F99A500732192 /* NetworkManager.swift in Sources */,
				E1B960B42C45D6C600A234D1 /* UserProfileViewModel.swift in Sources */,
				E10260CE2C76AF98002EA5AD /* PetScreen.swift in Sources */,
				E188A9B52C34C4520031EC04 /* AppState.swift in Sources */,
				E1B960BE2C45E1FD00A234D1 /* AuthenticationService+Injection.swift in Sources */,
				E154991B2C85344B002A3A99 /* PrimaryButtonStyle.swift in Sources */,
				E10260DB2C7900E8002EA5AD /* HomeTileView.swift in Sources */,
				E15499192C83EC31002A3A99 /* EmailLoginButtonView.swift in Sources */,
				E15499172C836ED1002A3A99 /* AppleLoginButtonView.swift in Sources */,
				E12304172C91F1CA009C5F01 /* PetAddEditView.swift in Sources */,
				E154990F2C826CB8002A3A99 /* GoogleLogInButtonView.swift in Sources */,
				E188A9BC2C398AD60031EC04 /* AbrigoModel.swift in Sources */,
				E123041B2C920232009C5F01 /* PhotoModel.swift in Sources */,
				E10260D92C77EEAE002EA5AD /* HomeViewModelDelegate.swift in Sources */,
				E188A9C52C3CAB780031EC04 /* AbrigoAddEditView.swift in Sources */,
				E1B960AE2C4494E600A234D1 /* SettingsScreen.swift in Sources */,
			);
			runOnlyForDeploymentPostprocessing = 0;
		};
/* End PBXSourcesBuildPhase section */

/* Begin XCBuildConfiguration section */
		E1B675082C0CAB26003D491D /* Debug */ = {
			isa = XCBuildConfiguration;
			buildSettings = {
				ALWAYS_SEARCH_USER_PATHS = NO;
				ASSETCATALOG_COMPILER_GENERATE_SWIFT_ASSET_SYMBOL_EXTENSIONS = YES;
				CLANG_ANALYZER_NONNULL = YES;
				CLANG_ANALYZER_NUMBER_OBJECT_CONVERSION = YES_AGGRESSIVE;
				CLANG_CXX_LANGUAGE_STANDARD = "gnu++20";
				CLANG_ENABLE_MODULES = YES;
				CLANG_ENABLE_OBJC_ARC = YES;
				CLANG_ENABLE_OBJC_WEAK = YES;
				CLANG_WARN_BLOCK_CAPTURE_AUTORELEASING = YES;
				CLANG_WARN_BOOL_CONVERSION = YES;
				CLANG_WARN_COMMA = YES;
				CLANG_WARN_CONSTANT_CONVERSION = YES;
				CLANG_WARN_DEPRECATED_OBJC_IMPLEMENTATIONS = YES;
				CLANG_WARN_DIRECT_OBJC_ISA_USAGE = YES_ERROR;
				CLANG_WARN_DOCUMENTATION_COMMENTS = YES;
				CLANG_WARN_EMPTY_BODY = YES;
				CLANG_WARN_ENUM_CONVERSION = YES;
				CLANG_WARN_INFINITE_RECURSION = YES;
				CLANG_WARN_INT_CONVERSION = YES;
				CLANG_WARN_NON_LITERAL_NULL_CONVERSION = YES;
				CLANG_WARN_OBJC_IMPLICIT_RETAIN_SELF = YES;
				CLANG_WARN_OBJC_LITERAL_CONVERSION = YES;
				CLANG_WARN_OBJC_ROOT_CLASS = YES_ERROR;
				CLANG_WARN_QUOTED_INCLUDE_IN_FRAMEWORK_HEADER = YES;
				CLANG_WARN_RANGE_LOOP_ANALYSIS = YES;
				CLANG_WARN_STRICT_PROTOTYPES = YES;
				CLANG_WARN_SUSPICIOUS_MOVE = YES;
				CLANG_WARN_UNGUARDED_AVAILABILITY = YES_AGGRESSIVE;
				CLANG_WARN_UNREACHABLE_CODE = YES;
				CLANG_WARN__DUPLICATE_METHOD_MATCH = YES;
				COPY_PHASE_STRIP = NO;
				DEBUG_INFORMATION_FORMAT = dwarf;
				ENABLE_STRICT_OBJC_MSGSEND = YES;
				ENABLE_TESTABILITY = YES;
				ENABLE_USER_SCRIPT_SANDBOXING = YES;
				GCC_C_LANGUAGE_STANDARD = gnu17;
				GCC_DYNAMIC_NO_PIC = NO;
				GCC_NO_COMMON_BLOCKS = YES;
				GCC_OPTIMIZATION_LEVEL = 0;
				GCC_PREPROCESSOR_DEFINITIONS = (
					"DEBUG=1",
					"$(inherited)",
				);
				GCC_WARN_64_TO_32_BIT_CONVERSION = YES;
				GCC_WARN_ABOUT_RETURN_TYPE = YES_ERROR;
				GCC_WARN_UNDECLARED_SELECTOR = YES;
				GCC_WARN_UNINITIALIZED_AUTOS = YES_AGGRESSIVE;
				GCC_WARN_UNUSED_FUNCTION = YES;
				GCC_WARN_UNUSED_VARIABLE = YES;
				IPHONEOS_DEPLOYMENT_TARGET = 17.5;
				LOCALIZATION_PREFERS_STRING_CATALOGS = YES;
				MTL_ENABLE_DEBUG_INFO = INCLUDE_SOURCE;
				MTL_FAST_MATH = YES;
				ONLY_ACTIVE_ARCH = YES;
				SDKROOT = iphoneos;
				SWIFT_ACTIVE_COMPILATION_CONDITIONS = "DEBUG $(inherited)";
				SWIFT_OPTIMIZATION_LEVEL = "-Onone";
			};
			name = Debug;
		};
		E1B675092C0CAB26003D491D /* Release */ = {
			isa = XCBuildConfiguration;
			buildSettings = {
				ALWAYS_SEARCH_USER_PATHS = NO;
				ASSETCATALOG_COMPILER_GENERATE_SWIFT_ASSET_SYMBOL_EXTENSIONS = YES;
				CLANG_ANALYZER_NONNULL = YES;
				CLANG_ANALYZER_NUMBER_OBJECT_CONVERSION = YES_AGGRESSIVE;
				CLANG_CXX_LANGUAGE_STANDARD = "gnu++20";
				CLANG_ENABLE_MODULES = YES;
				CLANG_ENABLE_OBJC_ARC = YES;
				CLANG_ENABLE_OBJC_WEAK = YES;
				CLANG_WARN_BLOCK_CAPTURE_AUTORELEASING = YES;
				CLANG_WARN_BOOL_CONVERSION = YES;
				CLANG_WARN_COMMA = YES;
				CLANG_WARN_CONSTANT_CONVERSION = YES;
				CLANG_WARN_DEPRECATED_OBJC_IMPLEMENTATIONS = YES;
				CLANG_WARN_DIRECT_OBJC_ISA_USAGE = YES_ERROR;
				CLANG_WARN_DOCUMENTATION_COMMENTS = YES;
				CLANG_WARN_EMPTY_BODY = YES;
				CLANG_WARN_ENUM_CONVERSION = YES;
				CLANG_WARN_INFINITE_RECURSION = YES;
				CLANG_WARN_INT_CONVERSION = YES;
				CLANG_WARN_NON_LITERAL_NULL_CONVERSION = YES;
				CLANG_WARN_OBJC_IMPLICIT_RETAIN_SELF = YES;
				CLANG_WARN_OBJC_LITERAL_CONVERSION = YES;
				CLANG_WARN_OBJC_ROOT_CLASS = YES_ERROR;
				CLANG_WARN_QUOTED_INCLUDE_IN_FRAMEWORK_HEADER = YES;
				CLANG_WARN_RANGE_LOOP_ANALYSIS = YES;
				CLANG_WARN_STRICT_PROTOTYPES = YES;
				CLANG_WARN_SUSPICIOUS_MOVE = YES;
				CLANG_WARN_UNGUARDED_AVAILABILITY = YES_AGGRESSIVE;
				CLANG_WARN_UNREACHABLE_CODE = YES;
				CLANG_WARN__DUPLICATE_METHOD_MATCH = YES;
				COPY_PHASE_STRIP = NO;
				DEBUG_INFORMATION_FORMAT = "dwarf-with-dsym";
				ENABLE_NS_ASSERTIONS = NO;
				ENABLE_STRICT_OBJC_MSGSEND = YES;
				ENABLE_USER_SCRIPT_SANDBOXING = YES;
				GCC_C_LANGUAGE_STANDARD = gnu17;
				GCC_NO_COMMON_BLOCKS = YES;
				GCC_WARN_64_TO_32_BIT_CONVERSION = YES;
				GCC_WARN_ABOUT_RETURN_TYPE = YES_ERROR;
				GCC_WARN_UNDECLARED_SELECTOR = YES;
				GCC_WARN_UNINITIALIZED_AUTOS = YES_AGGRESSIVE;
				GCC_WARN_UNUSED_FUNCTION = YES;
				GCC_WARN_UNUSED_VARIABLE = YES;
				IPHONEOS_DEPLOYMENT_TARGET = 17.5;
				LOCALIZATION_PREFERS_STRING_CATALOGS = YES;
				MTL_ENABLE_DEBUG_INFO = NO;
				MTL_FAST_MATH = YES;
				SDKROOT = iphoneos;
				SWIFT_COMPILATION_MODE = wholemodule;
				VALIDATE_PRODUCT = YES;
			};
			name = Release;
		};
		E1B6750B2C0CAB26003D491D /* Debug */ = {
			isa = XCBuildConfiguration;
			buildSettings = {
				ASSETCATALOG_COMPILER_APPICON_NAME = AppIcon;
				ASSETCATALOG_COMPILER_GLOBAL_ACCENT_COLOR_NAME = AccentColor;
				CODE_SIGN_ENTITLEMENTS = ProjetoCusco/ProjetoCusco.entitlements;
				CODE_SIGN_STYLE = Automatic;
				CURRENT_PROJECT_VERSION = 1;
				DEVELOPMENT_ASSET_PATHS = "\"ProjetoCusco/Preview Content\"";
				DEVELOPMENT_TEAM = 4DLN7FPJ74;
				ENABLE_PREVIEWS = YES;
				ENABLE_USER_SCRIPT_SANDBOXING = NO;
				GENERATE_INFOPLIST_FILE = YES;
				INFOPLIST_FILE = ProjetoCusco/Info.plist;
				INFOPLIST_KEY_UIApplicationSceneManifest_Generation = YES;
				INFOPLIST_KEY_UIApplicationSupportsIndirectInputEvents = YES;
				INFOPLIST_KEY_UILaunchScreen_Generation = YES;
				INFOPLIST_KEY_UILaunchStoryboardName = "Launch Screen.storyboard";
				INFOPLIST_KEY_UISupportedInterfaceOrientations_iPad = "UIInterfaceOrientationPortrait UIInterfaceOrientationPortraitUpsideDown UIInterfaceOrientationLandscapeLeft UIInterfaceOrientationLandscapeRight";
				INFOPLIST_KEY_UISupportedInterfaceOrientations_iPhone = "UIInterfaceOrientationPortrait UIInterfaceOrientationLandscapeLeft UIInterfaceOrientationLandscapeRight";
				IPHONEOS_DEPLOYMENT_TARGET = 17.5;
				LD_RUNPATH_SEARCH_PATHS = (
					"$(inherited)",
					"@executable_path/Frameworks",
				);
				MARKETING_VERSION = 1.0;
				PRODUCT_BUNDLE_IDENTIFIER = com.rgeiss.ProjetoCusco;
				PRODUCT_NAME = "$(TARGET_NAME)";
				SWIFT_EMIT_LOC_STRINGS = YES;
				SWIFT_VERSION = 5.0;
				TARGETED_DEVICE_FAMILY = "1,2";
			};
			name = Debug;
		};
		E1B6750C2C0CAB26003D491D /* Release */ = {
			isa = XCBuildConfiguration;
			buildSettings = {
				ASSETCATALOG_COMPILER_APPICON_NAME = AppIcon;
				ASSETCATALOG_COMPILER_GLOBAL_ACCENT_COLOR_NAME = AccentColor;
				CODE_SIGN_ENTITLEMENTS = ProjetoCusco/ProjetoCusco.entitlements;
				CODE_SIGN_STYLE = Automatic;
				CURRENT_PROJECT_VERSION = 1;
				DEVELOPMENT_ASSET_PATHS = "\"ProjetoCusco/Preview Content\"";
				DEVELOPMENT_TEAM = 4DLN7FPJ74;
				ENABLE_PREVIEWS = YES;
				ENABLE_USER_SCRIPT_SANDBOXING = NO;
				GENERATE_INFOPLIST_FILE = YES;
				INFOPLIST_FILE = ProjetoCusco/Info.plist;
				INFOPLIST_KEY_UIApplicationSceneManifest_Generation = YES;
				INFOPLIST_KEY_UIApplicationSupportsIndirectInputEvents = YES;
				INFOPLIST_KEY_UILaunchScreen_Generation = YES;
				INFOPLIST_KEY_UILaunchStoryboardName = "Launch Screen.storyboard";
				INFOPLIST_KEY_UISupportedInterfaceOrientations_iPad = "UIInterfaceOrientationPortrait UIInterfaceOrientationPortraitUpsideDown UIInterfaceOrientationLandscapeLeft UIInterfaceOrientationLandscapeRight";
				INFOPLIST_KEY_UISupportedInterfaceOrientations_iPhone = "UIInterfaceOrientationPortrait UIInterfaceOrientationLandscapeLeft UIInterfaceOrientationLandscapeRight";
				IPHONEOS_DEPLOYMENT_TARGET = 17.5;
				LD_RUNPATH_SEARCH_PATHS = (
					"$(inherited)",
					"@executable_path/Frameworks",
				);
				MARKETING_VERSION = 1.0;
				PRODUCT_BUNDLE_IDENTIFIER = com.rgeiss.ProjetoCusco;
				PRODUCT_NAME = "$(TARGET_NAME)";
				SWIFT_EMIT_LOC_STRINGS = YES;
				SWIFT_VERSION = 5.0;
				TARGETED_DEVICE_FAMILY = "1,2";
			};
			name = Release;
		};
/* End XCBuildConfiguration section */

/* Begin XCConfigurationList section */
		E1B674F72C0CAB25003D491D /* Build configuration list for PBXProject "ProjetoCusco" */ = {
			isa = XCConfigurationList;
			buildConfigurations = (
				E1B675082C0CAB26003D491D /* Debug */,
				E1B675092C0CAB26003D491D /* Release */,
			);
			defaultConfigurationIsVisible = 0;
			defaultConfigurationName = Release;
		};
		E1B6750A2C0CAB26003D491D /* Build configuration list for PBXNativeTarget "ProjetoCusco" */ = {
			isa = XCConfigurationList;
			buildConfigurations = (
				E1B6750B2C0CAB26003D491D /* Debug */,
				E1B6750C2C0CAB26003D491D /* Release */,
			);
			defaultConfigurationIsVisible = 0;
			defaultConfigurationName = Release;
		};
/* End XCConfigurationList section */

/* Begin XCRemoteSwiftPackageReference section */
		E10260CF2C77D124002EA5AD /* XCRemoteSwiftPackageReference "SwiftfulRouting" */ = {
			isa = XCRemoteSwiftPackageReference;
			repositoryURL = "https://github.com/SwiftfulThinking/SwiftfulRouting.git";
			requirement = {
				kind = upToNextMajorVersion;
				minimumVersion = 5.3.6;
			};
		};
		E12E4A0E2C4203BC00ADF27E /* XCRemoteSwiftPackageReference "Factory" */ = {
			isa = XCRemoteSwiftPackageReference;
			repositoryURL = "https://github.com/hmlongco/Factory";
			requirement = {
				kind = upToNextMajorVersion;
				minimumVersion = 2.3.2;
			};
		};
		E1B6751C2C0E8461003D491D /* XCRemoteSwiftPackageReference "firebase-ios-sdk" */ = {
			isa = XCRemoteSwiftPackageReference;
			repositoryURL = "https://github.com/firebase/firebase-ios-sdk";
			requirement = {
				kind = upToNextMajorVersion;
				minimumVersion = 10.27.0;
			};
		};
		E1E6B4AF2C5E7CD400916E6E /* XCRemoteSwiftPackageReference "GoogleSignIn-iOS" */ = {
			isa = XCRemoteSwiftPackageReference;
			repositoryURL = "https://github.com/google/GoogleSignIn-iOS";
			requirement = {
				kind = upToNextMajorVersion;
				minimumVersion = 7.1.0;
			};
		};
		E1ED45762C2B81F800B3D044 /* XCRemoteSwiftPackageReference "Welcome-Sheet" */ = {
			isa = XCRemoteSwiftPackageReference;
			repositoryURL = "https://github.com/MAJKFL/Welcome-Sheet";
			requirement = {
				branch = main;
				kind = branch;
			};
		};
/* End XCRemoteSwiftPackageReference section */

/* Begin XCSwiftPackageProductDependency section */
		E10260D02C77D124002EA5AD /* SwiftfulRouting */ = {
			isa = XCSwiftPackageProductDependency;
			package = E10260CF2C77D124002EA5AD /* XCRemoteSwiftPackageReference "SwiftfulRouting" */;
			productName = SwiftfulRouting;
		};
		E12E4A0F2C4203BC00ADF27E /* Factory */ = {
			isa = XCSwiftPackageProductDependency;
			package = E12E4A0E2C4203BC00ADF27E /* XCRemoteSwiftPackageReference "Factory" */;
			productName = Factory;
		};
		E1B6751D2C0E8462003D491D /* FirebaseAnalytics */ = {
			isa = XCSwiftPackageProductDependency;
			package = E1B6751C2C0E8461003D491D /* XCRemoteSwiftPackageReference "firebase-ios-sdk" */;
			productName = FirebaseAnalytics;
		};
		E1B6751F2C0E8462003D491D /* FirebaseAnalyticsOnDeviceConversion */ = {
			isa = XCSwiftPackageProductDependency;
			package = E1B6751C2C0E8461003D491D /* XCRemoteSwiftPackageReference "firebase-ios-sdk" */;
			productName = FirebaseAnalyticsOnDeviceConversion;
		};
		E1B675212C0E8462003D491D /* FirebaseAnalyticsSwift */ = {
			isa = XCSwiftPackageProductDependency;
			package = E1B6751C2C0E8461003D491D /* XCRemoteSwiftPackageReference "firebase-ios-sdk" */;
			productName = FirebaseAnalyticsSwift;
		};
		E1B675232C0E8462003D491D /* FirebaseAnalyticsWithoutAdIdSupport */ = {
			isa = XCSwiftPackageProductDependency;
			package = E1B6751C2C0E8461003D491D /* XCRemoteSwiftPackageReference "firebase-ios-sdk" */;
			productName = FirebaseAnalyticsWithoutAdIdSupport;
		};
		E1B675252C0E8462003D491D /* FirebaseAppCheck */ = {
			isa = XCSwiftPackageProductDependency;
			package = E1B6751C2C0E8461003D491D /* XCRemoteSwiftPackageReference "firebase-ios-sdk" */;
			productName = FirebaseAppCheck;
		};
		E1B675272C0E8462003D491D /* FirebaseAppDistribution-Beta */ = {
			isa = XCSwiftPackageProductDependency;
			package = E1B6751C2C0E8461003D491D /* XCRemoteSwiftPackageReference "firebase-ios-sdk" */;
			productName = "FirebaseAppDistribution-Beta";
		};
		E1B675292C0E8462003D491D /* FirebaseAuth */ = {
			isa = XCSwiftPackageProductDependency;
			package = E1B6751C2C0E8461003D491D /* XCRemoteSwiftPackageReference "firebase-ios-sdk" */;
			productName = FirebaseAuth;
		};
		E1B6752B2C0E8462003D491D /* FirebaseAuthCombine-Community */ = {
			isa = XCSwiftPackageProductDependency;
			package = E1B6751C2C0E8461003D491D /* XCRemoteSwiftPackageReference "firebase-ios-sdk" */;
			productName = "FirebaseAuthCombine-Community";
		};
		E1B6752D2C0E8462003D491D /* FirebaseCrashlytics */ = {
			isa = XCSwiftPackageProductDependency;
			package = E1B6751C2C0E8461003D491D /* XCRemoteSwiftPackageReference "firebase-ios-sdk" */;
			productName = FirebaseCrashlytics;
		};
		E1B6752F2C0E8462003D491D /* FirebaseDatabase */ = {
			isa = XCSwiftPackageProductDependency;
			package = E1B6751C2C0E8461003D491D /* XCRemoteSwiftPackageReference "firebase-ios-sdk" */;
			productName = FirebaseDatabase;
		};
		E1B675312C0E8462003D491D /* FirebaseDatabaseSwift */ = {
			isa = XCSwiftPackageProductDependency;
			package = E1B6751C2C0E8461003D491D /* XCRemoteSwiftPackageReference "firebase-ios-sdk" */;
			productName = FirebaseDatabaseSwift;
		};
		E1B675332C0E8462003D491D /* FirebaseDynamicLinks */ = {
			isa = XCSwiftPackageProductDependency;
			package = E1B6751C2C0E8461003D491D /* XCRemoteSwiftPackageReference "firebase-ios-sdk" */;
			productName = FirebaseDynamicLinks;
		};
		E1B675352C0E8462003D491D /* FirebaseFirestore */ = {
			isa = XCSwiftPackageProductDependency;
			package = E1B6751C2C0E8461003D491D /* XCRemoteSwiftPackageReference "firebase-ios-sdk" */;
			productName = FirebaseFirestore;
		};
		E1B675372C0E8462003D491D /* FirebaseFirestoreCombine-Community */ = {
			isa = XCSwiftPackageProductDependency;
			package = E1B6751C2C0E8461003D491D /* XCRemoteSwiftPackageReference "firebase-ios-sdk" */;
			productName = "FirebaseFirestoreCombine-Community";
		};
		E1B675392C0E8462003D491D /* FirebaseFirestoreSwift */ = {
			isa = XCSwiftPackageProductDependency;
			package = E1B6751C2C0E8461003D491D /* XCRemoteSwiftPackageReference "firebase-ios-sdk" */;
			productName = FirebaseFirestoreSwift;
		};
		E1B6753B2C0E8462003D491D /* FirebaseFunctions */ = {
			isa = XCSwiftPackageProductDependency;
			package = E1B6751C2C0E8461003D491D /* XCRemoteSwiftPackageReference "firebase-ios-sdk" */;
			productName = FirebaseFunctions;
		};
		E1B6753D2C0E8462003D491D /* FirebaseFunctionsCombine-Community */ = {
			isa = XCSwiftPackageProductDependency;
			package = E1B6751C2C0E8461003D491D /* XCRemoteSwiftPackageReference "firebase-ios-sdk" */;
			productName = "FirebaseFunctionsCombine-Community";
		};
		E1B6753F2C0E8462003D491D /* FirebaseInAppMessaging-Beta */ = {
			isa = XCSwiftPackageProductDependency;
			package = E1B6751C2C0E8461003D491D /* XCRemoteSwiftPackageReference "firebase-ios-sdk" */;
			productName = "FirebaseInAppMessaging-Beta";
		};
		E1B675412C0E8462003D491D /* FirebaseInAppMessagingSwift-Beta */ = {
			isa = XCSwiftPackageProductDependency;
			package = E1B6751C2C0E8461003D491D /* XCRemoteSwiftPackageReference "firebase-ios-sdk" */;
			productName = "FirebaseInAppMessagingSwift-Beta";
		};
		E1B675432C0E8462003D491D /* FirebaseInstallations */ = {
			isa = XCSwiftPackageProductDependency;
			package = E1B6751C2C0E8461003D491D /* XCRemoteSwiftPackageReference "firebase-ios-sdk" */;
			productName = FirebaseInstallations;
		};
		E1B675452C0E8462003D491D /* FirebaseMLModelDownloader */ = {
			isa = XCSwiftPackageProductDependency;
			package = E1B6751C2C0E8461003D491D /* XCRemoteSwiftPackageReference "firebase-ios-sdk" */;
			productName = FirebaseMLModelDownloader;
		};
		E1B675472C0E8462003D491D /* FirebaseMessaging */ = {
			isa = XCSwiftPackageProductDependency;
			package = E1B6751C2C0E8461003D491D /* XCRemoteSwiftPackageReference "firebase-ios-sdk" */;
			productName = FirebaseMessaging;
		};
		E1B675492C0E8462003D491D /* FirebasePerformance */ = {
			isa = XCSwiftPackageProductDependency;
			package = E1B6751C2C0E8461003D491D /* XCRemoteSwiftPackageReference "firebase-ios-sdk" */;
			productName = FirebasePerformance;
		};
		E1B6754B2C0E8462003D491D /* FirebaseRemoteConfig */ = {
			isa = XCSwiftPackageProductDependency;
			package = E1B6751C2C0E8461003D491D /* XCRemoteSwiftPackageReference "firebase-ios-sdk" */;
			productName = FirebaseRemoteConfig;
		};
		E1B6754D2C0E8462003D491D /* FirebaseRemoteConfigSwift */ = {
			isa = XCSwiftPackageProductDependency;
			package = E1B6751C2C0E8461003D491D /* XCRemoteSwiftPackageReference "firebase-ios-sdk" */;
			productName = FirebaseRemoteConfigSwift;
		};
		E1B6754F2C0E8462003D491D /* FirebaseStorage */ = {
			isa = XCSwiftPackageProductDependency;
			package = E1B6751C2C0E8461003D491D /* XCRemoteSwiftPackageReference "firebase-ios-sdk" */;
			productName = FirebaseStorage;
		};
		E1B675512C0E8462003D491D /* FirebaseStorageCombine-Community */ = {
			isa = XCSwiftPackageProductDependency;
			package = E1B6751C2C0E8461003D491D /* XCRemoteSwiftPackageReference "firebase-ios-sdk" */;
			productName = "FirebaseStorageCombine-Community";
		};
		E1B675532C0E8462003D491D /* FirebaseVertexAI-Preview */ = {
			isa = XCSwiftPackageProductDependency;
			package = E1B6751C2C0E8461003D491D /* XCRemoteSwiftPackageReference "firebase-ios-sdk" */;
			productName = "FirebaseVertexAI-Preview";
		};
		E1E6B4B02C5E7CD400916E6E /* GoogleSignIn */ = {
			isa = XCSwiftPackageProductDependency;
			package = E1E6B4AF2C5E7CD400916E6E /* XCRemoteSwiftPackageReference "GoogleSignIn-iOS" */;
			productName = GoogleSignIn;
		};
		E1E6B4B22C5E7CD400916E6E /* GoogleSignInSwift */ = {
			isa = XCSwiftPackageProductDependency;
			package = E1E6B4AF2C5E7CD400916E6E /* XCRemoteSwiftPackageReference "GoogleSignIn-iOS" */;
			productName = GoogleSignInSwift;
		};
		E1ED45772C2B81F800B3D044 /* WelcomeSheet */ = {
			isa = XCSwiftPackageProductDependency;
			package = E1ED45762C2B81F800B3D044 /* XCRemoteSwiftPackageReference "Welcome-Sheet" */;
			productName = WelcomeSheet;
		};
/* End XCSwiftPackageProductDependency section */
	};
	rootObject = E1B674F42C0CAB25003D491D /* Project object */;
}
